
Microsoft Visual Studio Solution File, Format Version 12.00
# Visual Studio 14
VisualStudioVersion = 14.0.25420.1
MinimumVisualStudioVersion = 10.0.40219.1
Project("{FAE04EC0-301F-11D3-BF4B-00C04F79EFBC}") = "01_Simple", "01_Simple.csproj", "{9C6C8283-99CB-4B31-97B9-A108CDF6C0F4}"
EndProject
Project("{FAE04EC0-301F-11D3-BF4B-00C04F79EFBC}") = "02_Drawing", "..\02_Drawing\02_Drawing.csproj", "{0CFFE7E7-E241-4BD1-AEF0-160A5691BA5E}"
EndProject
Global
	GlobalSection(SolutionConfigurationPlatforms) = preSolution
		Debug|Any CPU = Debug|Any CPU
		Release|Any CPU = Release|Any CPU
	EndGlobalSection
	GlobalSection(ProjectConfigurationPlatforms) = postSolution
		{9C6C8283-99CB-4B31-97B9-A108CDF6C0F4}.Debug|Any CPU.ActiveCfg = Debug|Any CPU
		{9C6C8283-99CB-4B31-97B9-A108CDF6C0F4}.Debug|Any CPU.Build.0 = Debug|Any CPU
		{9C6C8283-99CB-4B31-97B9-A108CDF6C0F4}.Release|Any CPU.ActiveCfg = Release|Any CPU
		{9C6C8283-99CB-4B31-97B9-A108CDF6C0F4}.Release|Any CPU.Build.0 = Release|Any CPU
		{0CFFE7E7-E241-4BD1-AEF0-160A5691BA5E}.Debug|Any CPU.ActiveCfg = Debug|Any CPU
		{0CFFE7E7-E241-4BD1-AEF0-160A5691BA5E}.Debug|Any CPU.Build.0 = Debug|Any CPU
		{0CFFE7E7-E241-4BD1-AEF0-160A5691BA5E}.Release|Any CPU.ActiveCfg = Release|Any CPU
		{0CFFE7E7-E241-4BD1-AEF0-160A5691BA5E}.Release|Any CPU.Build.0 = Release|Any CPU
	EndGlobalSection
	GlobalSection(SolutionProperties) = preSolution
		HideSolutionNode = FALSE
	EndGlobalSection
EndGlobal
