
Microsoft Visual Studio Solution File, Format Version 12.00
# Visual Studio 15
VisualStudioVersion = 15.0.28307.852
MinimumVisualStudioVersion = 10.0.40219.1
Project("{FAE04EC0-301F-11D3-BF4B-00C04F79EFBC}") = "ClassicalObserver", "ClassicalObserver\ClassicalObserver.csproj", "{17BF7741-5EF5-436A-A87D-B04D925FC2D8}"
EndProject
Project("{FAE04EC0-301F-11D3-BF4B-00C04F79EFBC}") = "ClassicalObserverTest", "ClassicalObserverTest\ClassicalObserverTest.csproj", "{CD4EC3C2-8A5F-462A-BC9A-D60C40BCD1A3}"
EndProject
Global
	GlobalSection(SolutionConfigurationPlatforms) = preSolution
		Debug|Any CPU = Debug|Any CPU
		Release|Any CPU = Release|Any CPU
	EndGlobalSection
	GlobalSection(ProjectConfigurationPlatforms) = postSolution
		{17BF7741-5EF5-436A-A87D-B04D925FC2D8}.Debug|Any CPU.ActiveCfg = Debug|Any CPU
		{17BF7741-5EF5-436A-A87D-B04D925FC2D8}.Debug|Any CPU.Build.0 = Debug|Any CPU
		{17BF7741-5EF5-436A-A87D-B04D925FC2D8}.Release|Any CPU.ActiveCfg = Release|Any CPU
		{17BF7741-5EF5-436A-A87D-B04D925FC2D8}.Release|Any CPU.Build.0 = Release|Any CPU
		{CD4EC3C2-8A5F-462A-BC9A-D60C40BCD1A3}.Debug|Any CPU.ActiveCfg = Debug|Any CPU
		{CD4EC3C2-8A5F-462A-BC9A-D60C40BCD1A3}.Debug|Any CPU.Build.0 = Debug|Any CPU
		{CD4EC3C2-8A5F-462A-BC9A-D60C40BCD1A3}.Release|Any CPU.ActiveCfg = Release|Any CPU
		{CD4EC3C2-8A5F-462A-BC9A-D60C40BCD1A3}.Release|Any CPU.Build.0 = Release|Any CPU
	EndGlobalSection
	GlobalSection(SolutionProperties) = preSolution
		HideSolutionNode = FALSE
	EndGlobalSection
	GlobalSection(ExtensibilityGlobals) = postSolution
		SolutionGuid = {D86D0938-B760-4C57-8243-DC5C880A1268}
	EndGlobalSection
EndGlobal
