
Microsoft Visual Studio Solution File, Format Version 12.00
# Visual Studio 15
VisualStudioVersion = 15.0.26730.12
MinimumVisualStudioVersion = 10.0.40219.1
Project("{FAE04EC0-301F-11D3-BF4B-00C04F79EFBC}") = "Singleton", "Singleton\Singleton.csproj", "{F1089758-79BA-436C-9734-A3FC581F19EC}"
EndProject
Global
	GlobalSection(SolutionConfigurationPlatforms) = preSolution
		Debug|Any CPU = Debug|Any CPU
		Release|Any CPU = Release|Any CPU
	EndGlobalSection
	GlobalSection(ProjectConfigurationPlatforms) = postSolution
		{F1089758-79BA-436C-9734-A3FC581F19EC}.Debug|Any CPU.ActiveCfg = Debug|Any CPU
		{F1089758-79BA-436C-9734-A3FC581F19EC}.Debug|Any CPU.Build.0 = Debug|Any CPU
		{F1089758-79BA-436C-9734-A3FC581F19EC}.Release|Any CPU.ActiveCfg = Release|Any CPU
		{F1089758-79BA-436C-9734-A3FC581F19EC}.Release|Any CPU.Build.0 = Release|Any CPU
	EndGlobalSection
	GlobalSection(SolutionProperties) = preSolution
		HideSolutionNode = FALSE
	EndGlobalSection
	GlobalSection(ExtensibilityGlobals) = postSolution
		SolutionGuid = {02F853AC-510F-4840-9723-CFD91DC967B0}
	EndGlobalSection
EndGlobal
