
Microsoft Visual Studio Solution File, Format Version 12.00
# Visual Studio 14
VisualStudioVersion = 14.0.25420.1
MinimumVisualStudioVersion = 10.0.40219.1
Project("{FAE04EC0-301F-11D3-BF4B-00C04F79EFBC}") = "DesignPatternsProject", "DesignPatternsProject\DesignPatternsProject.csproj", "{0EEBCE27-402C-4ED0-A89C-F7C0E87A6EC1}"
EndProject
Project("{FAE04EC0-301F-11D3-BF4B-00C04F79EFBC}") = "ClientProject", "ClientProject\ClientProject.csproj", "{0BCCC345-20C9-4973-A158-732C4B5C1899}"
EndProject
Global
	GlobalSection(SolutionConfigurationPlatforms) = preSolution
		Debug|Any CPU = Debug|Any CPU
		Release|Any CPU = Release|Any CPU
	EndGlobalSection
	GlobalSection(ProjectConfigurationPlatforms) = postSolution
		{0EEBCE27-402C-4ED0-A89C-F7C0E87A6EC1}.Debug|Any CPU.ActiveCfg = Debug|Any CPU
		{0EEBCE27-402C-4ED0-A89C-F7C0E87A6EC1}.Debug|Any CPU.Build.0 = Debug|Any CPU
		{0EEBCE27-402C-4ED0-A89C-F7C0E87A6EC1}.Release|Any CPU.ActiveCfg = Release|Any CPU
		{0EEBCE27-402C-4ED0-A89C-F7C0E87A6EC1}.Release|Any CPU.Build.0 = Release|Any CPU
		{0BCCC345-20C9-4973-A158-732C4B5C1899}.Debug|Any CPU.ActiveCfg = Debug|Any CPU
		{0BCCC345-20C9-4973-A158-732C4B5C1899}.Debug|Any CPU.Build.0 = Debug|Any CPU
		{0BCCC345-20C9-4973-A158-732C4B5C1899}.Release|Any CPU.ActiveCfg = Release|Any CPU
		{0BCCC345-20C9-4973-A158-732C4B5C1899}.Release|Any CPU.Build.0 = Release|Any CPU
	EndGlobalSection
	GlobalSection(SolutionProperties) = preSolution
		HideSolutionNode = FALSE
	EndGlobalSection
EndGlobal
