
Microsoft Visual Studio Solution File, Format Version 12.00
# Visual Studio 14
VisualStudioVersion = 14.0.25420.1
MinimumVisualStudioVersion = 10.0.40219.1
Project("{FAE04EC0-301F-11D3-BF4B-00C04F79EFBC}") = "DesignPatternAdapter", "DesignPatternAdapter\DesignPatternAdapter.csproj", "{FFAABC86-6172-47C7-8F93-817AA3A197D5}"
EndProject
Project("{FAE04EC0-301F-11D3-BF4B-00C04F79EFBC}") = "AdapterWithDelegate", "AdapterWithDelegate\AdapterWithDelegate.csproj", "{C5283FD0-B408-44C3-BAC6-E1411A1A5128}"
EndProject
Global
	GlobalSection(SolutionConfigurationPlatforms) = preSolution
		Debug|Any CPU = Debug|Any CPU
		Release|Any CPU = Release|Any CPU
	EndGlobalSection
	GlobalSection(ProjectConfigurationPlatforms) = postSolution
		{FFAABC86-6172-47C7-8F93-817AA3A197D5}.Debug|Any CPU.ActiveCfg = Debug|Any CPU
		{FFAABC86-6172-47C7-8F93-817AA3A197D5}.Debug|Any CPU.Build.0 = Debug|Any CPU
		{FFAABC86-6172-47C7-8F93-817AA3A197D5}.Release|Any CPU.ActiveCfg = Release|Any CPU
		{FFAABC86-6172-47C7-8F93-817AA3A197D5}.Release|Any CPU.Build.0 = Release|Any CPU
		{C5283FD0-B408-44C3-BAC6-E1411A1A5128}.Debug|Any CPU.ActiveCfg = Debug|Any CPU
		{C5283FD0-B408-44C3-BAC6-E1411A1A5128}.Debug|Any CPU.Build.0 = Debug|Any CPU
		{C5283FD0-B408-44C3-BAC6-E1411A1A5128}.Release|Any CPU.ActiveCfg = Release|Any CPU
		{C5283FD0-B408-44C3-BAC6-E1411A1A5128}.Release|Any CPU.Build.0 = Release|Any CPU
	EndGlobalSection
	GlobalSection(SolutionProperties) = preSolution
		HideSolutionNode = FALSE
	EndGlobalSection
EndGlobal
