
Microsoft Visual Studio Solution File, Format Version 12.00
# Visual Studio 14
VisualStudioVersion = 14.0.25420.1
MinimumVisualStudioVersion = 10.0.40219.1
Project("{FAE04EC0-301F-11D3-BF4B-00C04F79EFBC}") = "CarsCms", "CarsCms\CarsCms.csproj", "{EA3A9440-4BA6-44B1-8F82-D58A715754A8}"
EndProject
Project("{FAE04EC0-301F-11D3-BF4B-00C04F79EFBC}") = "CarCmsWebApi", "CarCmsWebApi\CarCmsWebApi.csproj", "{9CAD732C-F824-4965-870D-E6C770FF3AD8}"
EndProject
Global
	GlobalSection(SolutionConfigurationPlatforms) = preSolution
		Debug|Any CPU = Debug|Any CPU
		Release|Any CPU = Release|Any CPU
	EndGlobalSection
	GlobalSection(ProjectConfigurationPlatforms) = postSolution
		{EA3A9440-4BA6-44B1-8F82-D58A715754A8}.Debug|Any CPU.ActiveCfg = Debug|Any CPU
		{EA3A9440-4BA6-44B1-8F82-D58A715754A8}.Debug|Any CPU.Build.0 = Debug|Any CPU
		{EA3A9440-4BA6-44B1-8F82-D58A715754A8}.Release|Any CPU.ActiveCfg = Release|Any CPU
		{EA3A9440-4BA6-44B1-8F82-D58A715754A8}.Release|Any CPU.Build.0 = Release|Any CPU
		{9CAD732C-F824-4965-870D-E6C770FF3AD8}.Debug|Any CPU.ActiveCfg = Debug|Any CPU
		{9CAD732C-F824-4965-870D-E6C770FF3AD8}.Debug|Any CPU.Build.0 = Debug|Any CPU
		{9CAD732C-F824-4965-870D-E6C770FF3AD8}.Release|Any CPU.ActiveCfg = Release|Any CPU
		{9CAD732C-F824-4965-870D-E6C770FF3AD8}.Release|Any CPU.Build.0 = Release|Any CPU
	EndGlobalSection
	GlobalSection(SolutionProperties) = preSolution
		HideSolutionNode = FALSE
	EndGlobalSection
EndGlobal
