
Microsoft Visual Studio Solution File, Format Version 12.00
# Visual Studio 14
VisualStudioVersion = 14.0.25420.1
MinimumVisualStudioVersion = 10.0.40219.1
Project("{FAE04EC0-301F-11D3-BF4B-00C04F79EFBC}") = "01Simple", "01Simple.csproj", "{6168E331-7E48-4073-866A-3D21AD235178}"
EndProject
Project("{FAE04EC0-301F-11D3-BF4B-00C04F79EFBC}") = "02Sort", "..\02Sort\02Sort.csproj", "{5FD15A11-0795-4572-9C61-5471F3B009C3}"
EndProject
Global
	GlobalSection(SolutionConfigurationPlatforms) = preSolution
		Debug|Any CPU = Debug|Any CPU
		Release|Any CPU = Release|Any CPU
	EndGlobalSection
	GlobalSection(ProjectConfigurationPlatforms) = postSolution
		{6168E331-7E48-4073-866A-3D21AD235178}.Debug|Any CPU.ActiveCfg = Debug|Any CPU
		{6168E331-7E48-4073-866A-3D21AD235178}.Debug|Any CPU.Build.0 = Debug|Any CPU
		{6168E331-7E48-4073-866A-3D21AD235178}.Release|Any CPU.ActiveCfg = Release|Any CPU
		{6168E331-7E48-4073-866A-3D21AD235178}.Release|Any CPU.Build.0 = Release|Any CPU
		{5FD15A11-0795-4572-9C61-5471F3B009C3}.Debug|Any CPU.ActiveCfg = Debug|Any CPU
		{5FD15A11-0795-4572-9C61-5471F3B009C3}.Debug|Any CPU.Build.0 = Debug|Any CPU
		{5FD15A11-0795-4572-9C61-5471F3B009C3}.Release|Any CPU.ActiveCfg = Release|Any CPU
		{5FD15A11-0795-4572-9C61-5471F3B009C3}.Release|Any CPU.Build.0 = Release|Any CPU
	EndGlobalSection
	GlobalSection(SolutionProperties) = preSolution
		HideSolutionNode = FALSE
	EndGlobalSection
EndGlobal
