
Microsoft Visual Studio Solution File, Format Version 12.00
# Visual Studio 15
VisualStudioVersion = 15.0.28307.106
MinimumVisualStudioVersion = 10.0.40219.1
Project("{FAE04EC0-301F-11D3-BF4B-00C04F79EFBC}") = "BuilderPattern", "BuilderPattern\BuilderPattern.csproj", "{D97FA16C-3793-4F29-B425-FE42E5E19F49}"
EndProject
Project("{FAE04EC0-301F-11D3-BF4B-00C04F79EFBC}") = "BuilderPattern.Test", "BuilderPattern.Test\BuilderPattern.Test.csproj", "{115B4B96-AAA0-4F04-BCD4-90818DB6E43A}"
EndProject
Global
	GlobalSection(SolutionConfigurationPlatforms) = preSolution
		Debug|Any CPU = Debug|Any CPU
		Release|Any CPU = Release|Any CPU
	EndGlobalSection
	GlobalSection(ProjectConfigurationPlatforms) = postSolution
		{D97FA16C-3793-4F29-B425-FE42E5E19F49}.Debug|Any CPU.ActiveCfg = Debug|Any CPU
		{D97FA16C-3793-4F29-B425-FE42E5E19F49}.Debug|Any CPU.Build.0 = Debug|Any CPU
		{D97FA16C-3793-4F29-B425-FE42E5E19F49}.Release|Any CPU.ActiveCfg = Release|Any CPU
		{D97FA16C-3793-4F29-B425-FE42E5E19F49}.Release|Any CPU.Build.0 = Release|Any CPU
		{115B4B96-AAA0-4F04-BCD4-90818DB6E43A}.Debug|Any CPU.ActiveCfg = Debug|Any CPU
		{115B4B96-AAA0-4F04-BCD4-90818DB6E43A}.Debug|Any CPU.Build.0 = Debug|Any CPU
		{115B4B96-AAA0-4F04-BCD4-90818DB6E43A}.Release|Any CPU.ActiveCfg = Release|Any CPU
		{115B4B96-AAA0-4F04-BCD4-90818DB6E43A}.Release|Any CPU.Build.0 = Release|Any CPU
	EndGlobalSection
	GlobalSection(SolutionProperties) = preSolution
		HideSolutionNode = FALSE
	EndGlobalSection
	GlobalSection(ExtensibilityGlobals) = postSolution
		SolutionGuid = {153506CA-1A81-435F-A1E7-4281FD97D5E3}
	EndGlobalSection
EndGlobal
