
Microsoft Visual Studio Solution File, Format Version 12.00
# Visual Studio 15
VisualStudioVersion = 15.0.28307.852
MinimumVisualStudioVersion = 10.0.40219.1
Project("{FAE04EC0-301F-11D3-BF4B-00C04F79EFBC}") = "IObserverNet40", "IObserverNet40\IObserverNet40.csproj", "{FDD90653-512E-454F-B7B2-A098A0C3664C}"
EndProject
Project("{FAE04EC0-301F-11D3-BF4B-00C04F79EFBC}") = "IObserverNet40Test", "IObserverNet40Test\IObserverNet40Test.csproj", "{C4CF986E-1DF0-457E-BD68-17DFA14D7BB5}"
EndProject
Global
	GlobalSection(SolutionConfigurationPlatforms) = preSolution
		Debug|Any CPU = Debug|Any CPU
		Release|Any CPU = Release|Any CPU
	EndGlobalSection
	GlobalSection(ProjectConfigurationPlatforms) = postSolution
		{FDD90653-512E-454F-B7B2-A098A0C3664C}.Debug|Any CPU.ActiveCfg = Debug|Any CPU
		{FDD90653-512E-454F-B7B2-A098A0C3664C}.Debug|Any CPU.Build.0 = Debug|Any CPU
		{FDD90653-512E-454F-B7B2-A098A0C3664C}.Release|Any CPU.ActiveCfg = Release|Any CPU
		{FDD90653-512E-454F-B7B2-A098A0C3664C}.Release|Any CPU.Build.0 = Release|Any CPU
		{C4CF986E-1DF0-457E-BD68-17DFA14D7BB5}.Debug|Any CPU.ActiveCfg = Debug|Any CPU
		{C4CF986E-1DF0-457E-BD68-17DFA14D7BB5}.Debug|Any CPU.Build.0 = Debug|Any CPU
		{C4CF986E-1DF0-457E-BD68-17DFA14D7BB5}.Release|Any CPU.ActiveCfg = Release|Any CPU
		{C4CF986E-1DF0-457E-BD68-17DFA14D7BB5}.Release|Any CPU.Build.0 = Release|Any CPU
	EndGlobalSection
	GlobalSection(SolutionProperties) = preSolution
		HideSolutionNode = FALSE
	EndGlobalSection
	GlobalSection(ExtensibilityGlobals) = postSolution
		SolutionGuid = {FF0E61BE-2672-4AD6-8A4A-F5CB71AE235C}
	EndGlobalSection
EndGlobal
