
Microsoft Visual Studio Solution File, Format Version 12.00
# Visual Studio 14
VisualStudioVersion = 14.0.25420.1
MinimumVisualStudioVersion = 10.0.40219.1
Project("{FAE04EC0-301F-11D3-BF4B-00C04F79EFBC}") = "01Simple", "01Simple.csproj", "{6061E39C-3BB8-4C49-80DF-B7D052DF3924}"
EndProject
Project("{FAE04EC0-301F-11D3-BF4B-00C04F79EFBC}") = "02DataOperations", "..\02DataOperations\02DataOperations.csproj", "{40F21FF8-919E-4BC1-88D5-90D1E1C08F79}"
EndProject
Project("{FAE04EC0-301F-11D3-BF4B-00C04F79EFBC}") = "03PersistenceAPI", "..\03PersistenceAPI\03PersistenceAPI.csproj", "{1BD3682C-9BDD-4C0F-B52D-E16E3673C541}"
EndProject
Global
	GlobalSection(SolutionConfigurationPlatforms) = preSolution
		Debug|Any CPU = Debug|Any CPU
		Release|Any CPU = Release|Any CPU
	EndGlobalSection
	GlobalSection(ProjectConfigurationPlatforms) = postSolution
		{6061E39C-3BB8-4C49-80DF-B7D052DF3924}.Debug|Any CPU.ActiveCfg = Debug|Any CPU
		{6061E39C-3BB8-4C49-80DF-B7D052DF3924}.Debug|Any CPU.Build.0 = Debug|Any CPU
		{6061E39C-3BB8-4C49-80DF-B7D052DF3924}.Release|Any CPU.ActiveCfg = Release|Any CPU
		{6061E39C-3BB8-4C49-80DF-B7D052DF3924}.Release|Any CPU.Build.0 = Release|Any CPU
		{40F21FF8-919E-4BC1-88D5-90D1E1C08F79}.Debug|Any CPU.ActiveCfg = Debug|Any CPU
		{40F21FF8-919E-4BC1-88D5-90D1E1C08F79}.Debug|Any CPU.Build.0 = Debug|Any CPU
		{40F21FF8-919E-4BC1-88D5-90D1E1C08F79}.Release|Any CPU.ActiveCfg = Release|Any CPU
		{40F21FF8-919E-4BC1-88D5-90D1E1C08F79}.Release|Any CPU.Build.0 = Release|Any CPU
		{1BD3682C-9BDD-4C0F-B52D-E16E3673C541}.Debug|Any CPU.ActiveCfg = Debug|Any CPU
		{1BD3682C-9BDD-4C0F-B52D-E16E3673C541}.Debug|Any CPU.Build.0 = Debug|Any CPU
		{1BD3682C-9BDD-4C0F-B52D-E16E3673C541}.Release|Any CPU.ActiveCfg = Release|Any CPU
		{1BD3682C-9BDD-4C0F-B52D-E16E3673C541}.Release|Any CPU.Build.0 = Release|Any CPU
	EndGlobalSection
	GlobalSection(SolutionProperties) = preSolution
		HideSolutionNode = FALSE
	EndGlobalSection
EndGlobal
