
Microsoft Visual Studio Solution File, Format Version 12.00
# Visual Studio 15
VisualStudioVersion = 15.0.27130.2027
MinimumVisualStudioVersion = 10.0.40219.1
Project("{FAE04EC0-301F-11D3-BF4B-00C04F79EFBC}") = "SimpleFactory", "SimpleFactory\SimpleFactory.csproj", "{AFABE690-74BE-4DBB-8757-6C689D72CC3A}"
EndProject
Project("{FAE04EC0-301F-11D3-BF4B-00C04F79EFBC}") = "UnitTest", "UnitTest\UnitTest.csproj", "{58A78585-0101-4879-834C-2836953D2622}"
EndProject
Project("{FAE04EC0-301F-11D3-BF4B-00C04F79EFBC}") = "FactoryMethod", "FactoryMethod\FactoryMethod.csproj", "{0BA3DA82-8109-43A8-9DFD-9FE782522D82}"
EndProject
Project("{FAE04EC0-301F-11D3-BF4B-00C04F79EFBC}") = "AbstractFactory", "AbstractFactory\AbstractFactory.csproj", "{BC8F8314-A039-4D28-AA4E-6C45BA4644DA}"
EndProject
Global
	GlobalSection(SolutionConfigurationPlatforms) = preSolution
		Debug|Any CPU = Debug|Any CPU
		Release|Any CPU = Release|Any CPU
	EndGlobalSection
	GlobalSection(ProjectConfigurationPlatforms) = postSolution
		{AFABE690-74BE-4DBB-8757-6C689D72CC3A}.Debug|Any CPU.ActiveCfg = Debug|Any CPU
		{AFABE690-74BE-4DBB-8757-6C689D72CC3A}.Debug|Any CPU.Build.0 = Debug|Any CPU
		{AFABE690-74BE-4DBB-8757-6C689D72CC3A}.Release|Any CPU.ActiveCfg = Release|Any CPU
		{AFABE690-74BE-4DBB-8757-6C689D72CC3A}.Release|Any CPU.Build.0 = Release|Any CPU
		{58A78585-0101-4879-834C-2836953D2622}.Debug|Any CPU.ActiveCfg = Debug|Any CPU
		{58A78585-0101-4879-834C-2836953D2622}.Debug|Any CPU.Build.0 = Debug|Any CPU
		{58A78585-0101-4879-834C-2836953D2622}.Release|Any CPU.ActiveCfg = Release|Any CPU
		{58A78585-0101-4879-834C-2836953D2622}.Release|Any CPU.Build.0 = Release|Any CPU
		{0BA3DA82-8109-43A8-9DFD-9FE782522D82}.Debug|Any CPU.ActiveCfg = Debug|Any CPU
		{0BA3DA82-8109-43A8-9DFD-9FE782522D82}.Debug|Any CPU.Build.0 = Debug|Any CPU
		{0BA3DA82-8109-43A8-9DFD-9FE782522D82}.Release|Any CPU.ActiveCfg = Release|Any CPU
		{0BA3DA82-8109-43A8-9DFD-9FE782522D82}.Release|Any CPU.Build.0 = Release|Any CPU
		{BC8F8314-A039-4D28-AA4E-6C45BA4644DA}.Debug|Any CPU.ActiveCfg = Debug|Any CPU
		{BC8F8314-A039-4D28-AA4E-6C45BA4644DA}.Debug|Any CPU.Build.0 = Debug|Any CPU
		{BC8F8314-A039-4D28-AA4E-6C45BA4644DA}.Release|Any CPU.ActiveCfg = Release|Any CPU
		{BC8F8314-A039-4D28-AA4E-6C45BA4644DA}.Release|Any CPU.Build.0 = Release|Any CPU
	EndGlobalSection
	GlobalSection(SolutionProperties) = preSolution
		HideSolutionNode = FALSE
	EndGlobalSection
	GlobalSection(ExtensibilityGlobals) = postSolution
		SolutionGuid = {44126C83-970A-4F6C-A598-E64FEAED27A1}
	EndGlobalSection
EndGlobal
