
Microsoft Visual Studio Solution File, Format Version 12.00
# Visual Studio 15
VisualStudioVersion = 15.0.26430.6
MinimumVisualStudioVersion = 10.0.40219.1
Project("{9A19103F-16F7-4668-BE54-9A1E7A4F7556}") = "ChronoSortCore", "ChronoSortCore\ChronoSortCore.csproj", "{4AB8FD8D-BA58-4573-8EE0-5D490788D400}"
EndProject
Project("{9A19103F-16F7-4668-BE54-9A1E7A4F7556}") = "ChronoSortCoreUnitTests", "ChronoSortCoreUnitTests\ChronoSortCoreUnitTests.csproj", "{B1B92604-609B-40F3-AA5A-88ECE577908C}"
EndProject
Project("{FAE04EC0-301F-11D3-BF4B-00C04F79EFBC}") = "UI", "UI\UI.csproj", "{26F59A4F-E818-42B6-9287-14A90C440D1E}"
EndProject
Global
	GlobalSection(SolutionConfigurationPlatforms) = preSolution
		Debug|Any CPU = Debug|Any CPU
		Release|Any CPU = Release|Any CPU
	EndGlobalSection
	GlobalSection(ProjectConfigurationPlatforms) = postSolution
		{4AB8FD8D-BA58-4573-8EE0-5D490788D400}.Debug|Any CPU.ActiveCfg = Debug|Any CPU
		{4AB8FD8D-BA58-4573-8EE0-5D490788D400}.Debug|Any CPU.Build.0 = Debug|Any CPU
		{4AB8FD8D-BA58-4573-8EE0-5D490788D400}.Release|Any CPU.ActiveCfg = Release|Any CPU
		{4AB8FD8D-BA58-4573-8EE0-5D490788D400}.Release|Any CPU.Build.0 = Release|Any CPU
		{B1B92604-609B-40F3-AA5A-88ECE577908C}.Debug|Any CPU.ActiveCfg = Debug|Any CPU
		{B1B92604-609B-40F3-AA5A-88ECE577908C}.Debug|Any CPU.Build.0 = Debug|Any CPU
		{B1B92604-609B-40F3-AA5A-88ECE577908C}.Release|Any CPU.ActiveCfg = Release|Any CPU
		{B1B92604-609B-40F3-AA5A-88ECE577908C}.Release|Any CPU.Build.0 = Release|Any CPU
		{26F59A4F-E818-42B6-9287-14A90C440D1E}.Debug|Any CPU.ActiveCfg = Debug|Any CPU
		{26F59A4F-E818-42B6-9287-14A90C440D1E}.Debug|Any CPU.Build.0 = Debug|Any CPU
		{26F59A4F-E818-42B6-9287-14A90C440D1E}.Release|Any CPU.ActiveCfg = Release|Any CPU
		{26F59A4F-E818-42B6-9287-14A90C440D1E}.Release|Any CPU.Build.0 = Release|Any CPU
	EndGlobalSection
	GlobalSection(SolutionProperties) = preSolution
		HideSolutionNode = FALSE
	EndGlobalSection
EndGlobal
