
Microsoft Visual Studio Solution File, Format Version 12.00
# Visual Studio 15
VisualStudioVersion = 15.0.28307.421
MinimumVisualStudioVersion = 10.0.40219.1
Project("{FAE04EC0-301F-11D3-BF4B-00C04F79EFBC}") = "Prototype", "Prototype\Prototype.csproj", "{4FD452F6-F1A2-4A1D-B696-C443D841F947}"
EndProject
Project("{FAE04EC0-301F-11D3-BF4B-00C04F79EFBC}") = "PrototypeTest", "PrototypeTest\PrototypeTest.csproj", "{D7F65204-AA76-4CAB-B71A-00BAA51415C9}"
EndProject
Global
	GlobalSection(SolutionConfigurationPlatforms) = preSolution
		Debug|Any CPU = Debug|Any CPU
		Release|Any CPU = Release|Any CPU
	EndGlobalSection
	GlobalSection(ProjectConfigurationPlatforms) = postSolution
		{4FD452F6-F1A2-4A1D-B696-C443D841F947}.Debug|Any CPU.ActiveCfg = Debug|Any CPU
		{4FD452F6-F1A2-4A1D-B696-C443D841F947}.Debug|Any CPU.Build.0 = Debug|Any CPU
		{4FD452F6-F1A2-4A1D-B696-C443D841F947}.Release|Any CPU.ActiveCfg = Release|Any CPU
		{4FD452F6-F1A2-4A1D-B696-C443D841F947}.Release|Any CPU.Build.0 = Release|Any CPU
		{D7F65204-AA76-4CAB-B71A-00BAA51415C9}.Debug|Any CPU.ActiveCfg = Debug|Any CPU
		{D7F65204-AA76-4CAB-B71A-00BAA51415C9}.Debug|Any CPU.Build.0 = Debug|Any CPU
		{D7F65204-AA76-4CAB-B71A-00BAA51415C9}.Release|Any CPU.ActiveCfg = Release|Any CPU
		{D7F65204-AA76-4CAB-B71A-00BAA51415C9}.Release|Any CPU.Build.0 = Release|Any CPU
	EndGlobalSection
	GlobalSection(SolutionProperties) = preSolution
		HideSolutionNode = FALSE
	EndGlobalSection
	GlobalSection(ExtensibilityGlobals) = postSolution
		SolutionGuid = {8A3217B3-D7AA-4821-8220-6187C9D78543}
	EndGlobalSection
EndGlobal
