
Microsoft Visual Studio Solution File, Format Version 12.00
# Visual Studio 15
VisualStudioVersion = 15.0.28010.2050
MinimumVisualStudioVersion = 10.0.40219.1
Project("{FAE04EC0-301F-11D3-BF4B-00C04F79EFBC}") = "EGZAMIN", "EGZAMIN\EGZAMIN.csproj", "{3180C43B-0FDC-47CC-96E0-B164FB6ADF09}"
EndProject
Global
	GlobalSection(SolutionConfigurationPlatforms) = preSolution
		Debug|Any CPU = Debug|Any CPU
		Release|Any CPU = Release|Any CPU
	EndGlobalSection
	GlobalSection(ProjectConfigurationPlatforms) = postSolution
		{3180C43B-0FDC-47CC-96E0-B164FB6ADF09}.Debug|Any CPU.ActiveCfg = Debug|Any CPU
		{3180C43B-0FDC-47CC-96E0-B164FB6ADF09}.Debug|Any CPU.Build.0 = Debug|Any CPU
		{3180C43B-0FDC-47CC-96E0-B164FB6ADF09}.Release|Any CPU.ActiveCfg = Release|Any CPU
		{3180C43B-0FDC-47CC-96E0-B164FB6ADF09}.Release|Any CPU.Build.0 = Release|Any CPU
	EndGlobalSection
	GlobalSection(SolutionProperties) = preSolution
		HideSolutionNode = FALSE
	EndGlobalSection
	GlobalSection(ExtensibilityGlobals) = postSolution
		SolutionGuid = {28959C4A-057C-401A-A301-71DC27D47953}
	EndGlobalSection
EndGlobal
