
Microsoft Visual Studio Solution File, Format Version 12.00
# Visual Studio 15
VisualStudioVersion = 15.0.28307.102
MinimumVisualStudioVersion = 10.0.40219.1
Project("{FAE04EC0-301F-11D3-BF4B-00C04F79EFBC}") = "FactoryPattern.Domain", "FactoryPattern.Domain\FactoryPattern.Domain.csproj", "{041607D8-2CAB-4E9A-9AC7-616E4F734591}"
EndProject
#Project("{2150E333-8FDC-42A3-9474-1A3956D46DE8}") = "0_Domain", "0_Domain", "{51CE34A6-44F6-4244-93B9-3015BD79C4CB}"
#EndProject
#Project("{2150E333-8FDC-42A3-9474-1A3956D46DE8}") = "1_FactoryMethod", "1_FactoryMethod", "{1652D062-D704-40A0-9D1E-A7975C0816EB}"
#EndProject
Project("{FAE04EC0-301F-11D3-BF4B-00C04F79EFBC}") = "FactoryPattern.FactoryMethod", "FactoryPattern.FactoryMethod\FactoryPattern.FactoryMethod.csproj", "{C4DC2307-B665-4BE0-9F02-AC2EC8A15656}"
EndProject
#Project("{2150E333-8FDC-42A3-9474-1A3956D46DE8}") = "2_AbstractFactory", "2_AbstractFactory", "{FFB222BE-0F9C-45B3-95F0-7F16A63D32B5}"
#EndProject
Project("{FAE04EC0-301F-11D3-BF4B-00C04F79EFBC}") = "FactoryPattern.AbstractFactory", "FactoryPattern.AbstractFactory\FactoryPattern.AbstractFactory.csproj", "{4BDACDB2-95D1-4F80-AF86-5089A19A2CEA}"
EndProject
#Project("{2150E333-8FDC-42A3-9474-1A3956D46DE8}") = "3_ReflectionSolution", "3_ReflectionSolution", "{64B56026-DBBE-4801-935D-D6952CE0CB6F}"
#EndProject
Project("{FAE04EC0-301F-11D3-BF4B-00C04F79EFBC}") = "FactoryPattern.ReflectionSolution", "FactoryPattern.ReflectionSolution\FactoryPattern.ReflectionSolution.csproj", "{48F2AA1B-EF65-4ECD-B914-EB9773D8A151}"
EndProject
#Project("{2150E333-8FDC-42A3-9474-1A3956D46DE8}") = "4_GenericSolution", "4_GenericSolution", "{700156EF-89BC-4104-B9FB-F69363954CC0}"
#EndProject
Project("{FAE04EC0-301F-11D3-BF4B-00C04F79EFBC}") = "FactoryPattern.GenericSolution", "FactoryPattern.GenericSolution\FactoryPattern.GenericSolution.csproj", "{ABFB421A-5EC8-4834-A6C5-1EC9D553409C}"
EndProject
#Project("{2150E333-8FDC-42A3-9474-1A3956D46DE8}") = "Performance_Tests", "Performance_Tests", "{755859A9-8D3A-4104-A485-428026CDE64F}"
#EndProject
Project("{FAE04EC0-301F-11D3-BF4B-00C04F79EFBC}") = "FactoryPattern.Tests", "FactoryPattern.Tests\FactoryPattern.Tests.csproj", "{1BC08192-A71C-4F50-9C6D-32CCF34D00FD}"
EndProject
Global
	GlobalSection(SolutionConfigurationPlatforms) = preSolution
		Debug|Any CPU = Debug|Any CPU
		Release|Any CPU = Release|Any CPU
	EndGlobalSection
	GlobalSection(ProjectConfigurationPlatforms) = postSolution
		{041607D8-2CAB-4E9A-9AC7-616E4F734591}.Debug|Any CPU.ActiveCfg = Debug|Any CPU
		{041607D8-2CAB-4E9A-9AC7-616E4F734591}.Debug|Any CPU.Build.0 = Debug|Any CPU
		{041607D8-2CAB-4E9A-9AC7-616E4F734591}.Release|Any CPU.ActiveCfg = Release|Any CPU
		{041607D8-2CAB-4E9A-9AC7-616E4F734591}.Release|Any CPU.Build.0 = Release|Any CPU
		{C4DC2307-B665-4BE0-9F02-AC2EC8A15656}.Debug|Any CPU.ActiveCfg = Debug|Any CPU
		{C4DC2307-B665-4BE0-9F02-AC2EC8A15656}.Debug|Any CPU.Build.0 = Debug|Any CPU
		{C4DC2307-B665-4BE0-9F02-AC2EC8A15656}.Release|Any CPU.ActiveCfg = Release|Any CPU
		{C4DC2307-B665-4BE0-9F02-AC2EC8A15656}.Release|Any CPU.Build.0 = Release|Any CPU
		{4BDACDB2-95D1-4F80-AF86-5089A19A2CEA}.Debug|Any CPU.ActiveCfg = Debug|Any CPU
		{4BDACDB2-95D1-4F80-AF86-5089A19A2CEA}.Debug|Any CPU.Build.0 = Debug|Any CPU
		{4BDACDB2-95D1-4F80-AF86-5089A19A2CEA}.Release|Any CPU.ActiveCfg = Release|Any CPU
		{4BDACDB2-95D1-4F80-AF86-5089A19A2CEA}.Release|Any CPU.Build.0 = Release|Any CPU
		{48F2AA1B-EF65-4ECD-B914-EB9773D8A151}.Debug|Any CPU.ActiveCfg = Debug|Any CPU
		{48F2AA1B-EF65-4ECD-B914-EB9773D8A151}.Debug|Any CPU.Build.0 = Debug|Any CPU
		{48F2AA1B-EF65-4ECD-B914-EB9773D8A151}.Release|Any CPU.ActiveCfg = Release|Any CPU
		{48F2AA1B-EF65-4ECD-B914-EB9773D8A151}.Release|Any CPU.Build.0 = Release|Any CPU
		{ABFB421A-5EC8-4834-A6C5-1EC9D553409C}.Debug|Any CPU.ActiveCfg = Debug|Any CPU
		{ABFB421A-5EC8-4834-A6C5-1EC9D553409C}.Debug|Any CPU.Build.0 = Debug|Any CPU
		{ABFB421A-5EC8-4834-A6C5-1EC9D553409C}.Release|Any CPU.ActiveCfg = Release|Any CPU
		{ABFB421A-5EC8-4834-A6C5-1EC9D553409C}.Release|Any CPU.Build.0 = Release|Any CPU
		{1BC08192-A71C-4F50-9C6D-32CCF34D00FD}.Debug|Any CPU.ActiveCfg = Debug|Any CPU
		{1BC08192-A71C-4F50-9C6D-32CCF34D00FD}.Debug|Any CPU.Build.0 = Debug|Any CPU
		{1BC08192-A71C-4F50-9C6D-32CCF34D00FD}.Release|Any CPU.ActiveCfg = Release|Any CPU
		{1BC08192-A71C-4F50-9C6D-32CCF34D00FD}.Release|Any CPU.Build.0 = Release|Any CPU
	EndGlobalSection
	GlobalSection(SolutionProperties) = preSolution
		HideSolutionNode = FALSE
	EndGlobalSection
	GlobalSection(NestedProjects) = preSolution
		{041607D8-2CAB-4E9A-9AC7-616E4F734591} = {51CE34A6-44F6-4244-93B9-3015BD79C4CB}
		{C4DC2307-B665-4BE0-9F02-AC2EC8A15656} = {1652D062-D704-40A0-9D1E-A7975C0816EB}
		{4BDACDB2-95D1-4F80-AF86-5089A19A2CEA} = {FFB222BE-0F9C-45B3-95F0-7F16A63D32B5}
		{48F2AA1B-EF65-4ECD-B914-EB9773D8A151} = {64B56026-DBBE-4801-935D-D6952CE0CB6F}
		{ABFB421A-5EC8-4834-A6C5-1EC9D553409C} = {700156EF-89BC-4104-B9FB-F69363954CC0}
		{1BC08192-A71C-4F50-9C6D-32CCF34D00FD} = {755859A9-8D3A-4104-A485-428026CDE64F}
	EndGlobalSection
	GlobalSection(ExtensibilityGlobals) = postSolution
		SolutionGuid = {B6B4AD6A-AF2D-47F3-BB33-66011E9A44D6}
	EndGlobalSection
EndGlobal
