
Microsoft Visual Studio Solution File, Format Version 12.00
# Visual Studio 14
VisualStudioVersion = 14.0.25420.1
MinimumVisualStudioVersion = 10.0.40219.1
Project("{FAE04EC0-301F-11D3-BF4B-00C04F79EFBC}") = "01Simple", "01Simple.csproj", "{A5CF9786-6E72-4E77-9262-31F2FF16970A}"
EndProject
Project("{FAE04EC0-301F-11D3-BF4B-00C04F79EFBC}") = "02TwoWayAdapter", "..\02TwoWayAdapter\02TwoWayAdapter.csproj", "{58761C63-B3CC-4592-9947-59D388543E5B}"
EndProject
Project("{FAE04EC0-301F-11D3-BF4B-00C04F79EFBC}") = "03Pluggable Adapter", "..\03Pluggable Adapter\03Pluggable Adapter.csproj", "{8FAE3B13-936C-444B-B9C4-993F6F90EEC1}"
EndProject
Global
	GlobalSection(SolutionConfigurationPlatforms) = preSolution
		Debug|Any CPU = Debug|Any CPU
		Release|Any CPU = Release|Any CPU
	EndGlobalSection
	GlobalSection(ProjectConfigurationPlatforms) = postSolution
		{A5CF9786-6E72-4E77-9262-31F2FF16970A}.Debug|Any CPU.ActiveCfg = Debug|Any CPU
		{A5CF9786-6E72-4E77-9262-31F2FF16970A}.Debug|Any CPU.Build.0 = Debug|Any CPU
		{A5CF9786-6E72-4E77-9262-31F2FF16970A}.Release|Any CPU.ActiveCfg = Release|Any CPU
		{A5CF9786-6E72-4E77-9262-31F2FF16970A}.Release|Any CPU.Build.0 = Release|Any CPU
		{58761C63-B3CC-4592-9947-59D388543E5B}.Debug|Any CPU.ActiveCfg = Debug|Any CPU
		{58761C63-B3CC-4592-9947-59D388543E5B}.Debug|Any CPU.Build.0 = Debug|Any CPU
		{58761C63-B3CC-4592-9947-59D388543E5B}.Release|Any CPU.ActiveCfg = Release|Any CPU
		{58761C63-B3CC-4592-9947-59D388543E5B}.Release|Any CPU.Build.0 = Release|Any CPU
		{8FAE3B13-936C-444B-B9C4-993F6F90EEC1}.Debug|Any CPU.ActiveCfg = Debug|Any CPU
		{8FAE3B13-936C-444B-B9C4-993F6F90EEC1}.Debug|Any CPU.Build.0 = Debug|Any CPU
		{8FAE3B13-936C-444B-B9C4-993F6F90EEC1}.Release|Any CPU.ActiveCfg = Release|Any CPU
		{8FAE3B13-936C-444B-B9C4-993F6F90EEC1}.Release|Any CPU.Build.0 = Release|Any CPU
	EndGlobalSection
	GlobalSection(SolutionProperties) = preSolution
		HideSolutionNode = FALSE
	EndGlobalSection
EndGlobal
