
Microsoft Visual Studio Solution File, Format Version 12.00
# Visual Studio 15
VisualStudioVersion = 15.0.27130.2027
MinimumVisualStudioVersion = 10.0.40219.1
Project("{8BC9CEB8-8B4A-11D0-8D11-00A0C91BC942}") = "Singleton", "Singleton\Singleton.vcxproj", "{6EC538AE-72C0-4989-B1EE-4321CDEF0463}"
EndProject
Project("{8BC9CEB8-8B4A-11D0-8D11-00A0C91BC942}") = "Testing", "Testing\Testing.vcxproj", "{B9E257D9-A0A6-458A-80D8-428A23437B2F}"
EndProject
Global
	GlobalSection(SolutionConfigurationPlatforms) = preSolution
		Debug|x64 = Debug|x64
		Debug|x86 = Debug|x86
		Release|x64 = Release|x64
		Release|x86 = Release|x86
	EndGlobalSection
	GlobalSection(ProjectConfigurationPlatforms) = postSolution
		{6EC538AE-72C0-4989-B1EE-4321CDEF0463}.Debug|x64.ActiveCfg = Debug|x64
		{6EC538AE-72C0-4989-B1EE-4321CDEF0463}.Debug|x64.Build.0 = Debug|x64
		{6EC538AE-72C0-4989-B1EE-4321CDEF0463}.Debug|x86.ActiveCfg = Debug|Win32
		{6EC538AE-72C0-4989-B1EE-4321CDEF0463}.Debug|x86.Build.0 = Debug|Win32
		{6EC538AE-72C0-4989-B1EE-4321CDEF0463}.Release|x64.ActiveCfg = Release|x64
		{6EC538AE-72C0-4989-B1EE-4321CDEF0463}.Release|x64.Build.0 = Release|x64
		{6EC538AE-72C0-4989-B1EE-4321CDEF0463}.Release|x86.ActiveCfg = Release|Win32
		{6EC538AE-72C0-4989-B1EE-4321CDEF0463}.Release|x86.Build.0 = Release|Win32
		{B9E257D9-A0A6-458A-80D8-428A23437B2F}.Debug|x64.ActiveCfg = Debug|x64
		{B9E257D9-A0A6-458A-80D8-428A23437B2F}.Debug|x64.Build.0 = Debug|x64
		{B9E257D9-A0A6-458A-80D8-428A23437B2F}.Debug|x86.ActiveCfg = Debug|Win32
		{B9E257D9-A0A6-458A-80D8-428A23437B2F}.Debug|x86.Build.0 = Debug|Win32
		{B9E257D9-A0A6-458A-80D8-428A23437B2F}.Release|x64.ActiveCfg = Release|x64
		{B9E257D9-A0A6-458A-80D8-428A23437B2F}.Release|x64.Build.0 = Release|x64
		{B9E257D9-A0A6-458A-80D8-428A23437B2F}.Release|x86.ActiveCfg = Release|Win32
		{B9E257D9-A0A6-458A-80D8-428A23437B2F}.Release|x86.Build.0 = Release|Win32
	EndGlobalSection
	GlobalSection(SolutionProperties) = preSolution
		HideSolutionNode = FALSE
	EndGlobalSection
	GlobalSection(ExtensibilityGlobals) = postSolution
		SolutionGuid = {B345B7E5-2A94-4D54-A7A8-787D44650D8F}
	EndGlobalSection
EndGlobal
