
Microsoft Visual Studio Solution File, Format Version 12.00
# Visual Studio 14
VisualStudioVersion = 14.0.25420.1
MinimumVisualStudioVersion = 10.0.40219.1
Project("{FAE04EC0-301F-11D3-BF4B-00C04F79EFBC}") = "Adapter", "Adapter.csproj", "{B7FB351A-2FC3-475B-908F-935061B46A03}"
EndProject
Project("{FAE04EC0-301F-11D3-BF4B-00C04F79EFBC}") = "Seabird", "..\Seabird\Seabird.csproj", "{7708AFCD-0480-405A-B1B8-85FC47A9B71F}"
EndProject
Project("{FAE04EC0-301F-11D3-BF4B-00C04F79EFBC}") = "AdapterTests", "AdapterTests\AdapterTests.csproj", "{59BDD49C-2B8F-4EDF-B184-57637D81F683}"
EndProject
Global
	GlobalSection(SolutionConfigurationPlatforms) = preSolution
		Debug|Any CPU = Debug|Any CPU
		Release|Any CPU = Release|Any CPU
	EndGlobalSection
	GlobalSection(ProjectConfigurationPlatforms) = postSolution
		{B7FB351A-2FC3-475B-908F-935061B46A03}.Debug|Any CPU.ActiveCfg = Debug|Any CPU
		{B7FB351A-2FC3-475B-908F-935061B46A03}.Debug|Any CPU.Build.0 = Debug|Any CPU
		{B7FB351A-2FC3-475B-908F-935061B46A03}.Release|Any CPU.ActiveCfg = Release|Any CPU
		{B7FB351A-2FC3-475B-908F-935061B46A03}.Release|Any CPU.Build.0 = Release|Any CPU
		{7708AFCD-0480-405A-B1B8-85FC47A9B71F}.Debug|Any CPU.ActiveCfg = Debug|Any CPU
		{7708AFCD-0480-405A-B1B8-85FC47A9B71F}.Debug|Any CPU.Build.0 = Debug|Any CPU
		{7708AFCD-0480-405A-B1B8-85FC47A9B71F}.Release|Any CPU.ActiveCfg = Release|Any CPU
		{7708AFCD-0480-405A-B1B8-85FC47A9B71F}.Release|Any CPU.Build.0 = Release|Any CPU
		{59BDD49C-2B8F-4EDF-B184-57637D81F683}.Debug|Any CPU.ActiveCfg = Debug|Any CPU
		{59BDD49C-2B8F-4EDF-B184-57637D81F683}.Debug|Any CPU.Build.0 = Debug|Any CPU
		{59BDD49C-2B8F-4EDF-B184-57637D81F683}.Release|Any CPU.ActiveCfg = Release|Any CPU
		{59BDD49C-2B8F-4EDF-B184-57637D81F683}.Release|Any CPU.Build.0 = Release|Any CPU
	EndGlobalSection
	GlobalSection(SolutionProperties) = preSolution
		HideSolutionNode = FALSE
	EndGlobalSection
EndGlobal
