
Microsoft Visual Studio Solution File, Format Version 12.00
# Visual Studio 15
VisualStudioVersion = 15.0.28307.645
MinimumVisualStudioVersion = 10.0.40219.1
Project("{FAE04EC0-301F-11D3-BF4B-00C04F79EFBC}") = "ShoppingCart", "ShoppingCart\ShoppingCart.csproj", "{4A824283-D595-4A39-A3E3-B51EA9C1F18F}"
EndProject
Project("{FAE04EC0-301F-11D3-BF4B-00C04F79EFBC}") = "ShoppingCartTest", "ShoppingCartTest\ShoppingCartTest.csproj", "{D2B35FB3-CA42-473B-9781-CE447BDA6E3C}"
EndProject
Global
	GlobalSection(SolutionConfigurationPlatforms) = preSolution
		Debug|Any CPU = Debug|Any CPU
		Release|Any CPU = Release|Any CPU
	EndGlobalSection
	GlobalSection(ProjectConfigurationPlatforms) = postSolution
		{4A824283-D595-4A39-A3E3-B51EA9C1F18F}.Debug|Any CPU.ActiveCfg = Debug|Any CPU
		{4A824283-D595-4A39-A3E3-B51EA9C1F18F}.Debug|Any CPU.Build.0 = Debug|Any CPU
		{4A824283-D595-4A39-A3E3-B51EA9C1F18F}.Release|Any CPU.ActiveCfg = Release|Any CPU
		{4A824283-D595-4A39-A3E3-B51EA9C1F18F}.Release|Any CPU.Build.0 = Release|Any CPU
		{D2B35FB3-CA42-473B-9781-CE447BDA6E3C}.Debug|Any CPU.ActiveCfg = Debug|Any CPU
		{D2B35FB3-CA42-473B-9781-CE447BDA6E3C}.Debug|Any CPU.Build.0 = Debug|Any CPU
		{D2B35FB3-CA42-473B-9781-CE447BDA6E3C}.Release|Any CPU.ActiveCfg = Release|Any CPU
		{D2B35FB3-CA42-473B-9781-CE447BDA6E3C}.Release|Any CPU.Build.0 = Release|Any CPU
	EndGlobalSection
	GlobalSection(SolutionProperties) = preSolution
		HideSolutionNode = FALSE
	EndGlobalSection
	GlobalSection(ExtensibilityGlobals) = postSolution
		SolutionGuid = {731CFF33-49AE-439B-8940-7AF650F1C771}
	EndGlobalSection
EndGlobal
