
Microsoft Visual Studio Solution File, Format Version 12.00
# Visual Studio 15
VisualStudioVersion = 15.0.27428.2043
MinimumVisualStudioVersion = 10.0.40219.1
Project("{9A19103F-16F7-4668-BE54-9A1E7A4F7556}") = "Singleton", "Singleton.csproj", "{192373A1-9385-4213-A296-215D368CDFA8}"
EndProject
Project("{FAE04EC0-301F-11D3-BF4B-00C04F79EFBC}") = "SingletonThreadSafetyTests", "..\SingletonThreadSafetyTests\SingletonThreadSafetyTests.csproj", "{2E6CD530-10BE-4FDB-97E1-C6BB7B089AC1}"
EndProject
Global
	GlobalSection(SolutionConfigurationPlatforms) = preSolution
		Debug|Any CPU = Debug|Any CPU
		Release|Any CPU = Release|Any CPU
	EndGlobalSection
	GlobalSection(ProjectConfigurationPlatforms) = postSolution
		{192373A1-9385-4213-A296-215D368CDFA8}.Debug|Any CPU.ActiveCfg = Debug|Any CPU
		{192373A1-9385-4213-A296-215D368CDFA8}.Debug|Any CPU.Build.0 = Debug|Any CPU
		{192373A1-9385-4213-A296-215D368CDFA8}.Release|Any CPU.ActiveCfg = Release|Any CPU
		{192373A1-9385-4213-A296-215D368CDFA8}.Release|Any CPU.Build.0 = Release|Any CPU
		{2E6CD530-10BE-4FDB-97E1-C6BB7B089AC1}.Debug|Any CPU.ActiveCfg = Debug|Any CPU
		{2E6CD530-10BE-4FDB-97E1-C6BB7B089AC1}.Debug|Any CPU.Build.0 = Debug|Any CPU
		{2E6CD530-10BE-4FDB-97E1-C6BB7B089AC1}.Release|Any CPU.ActiveCfg = Release|Any CPU
		{2E6CD530-10BE-4FDB-97E1-C6BB7B089AC1}.Release|Any CPU.Build.0 = Release|Any CPU
	EndGlobalSection
	GlobalSection(SolutionProperties) = preSolution
		HideSolutionNode = FALSE
	EndGlobalSection
	GlobalSection(ExtensibilityGlobals) = postSolution
		SolutionGuid = {4FEB9C77-C537-47D4-A3E2-F3D292ED484D}
	EndGlobalSection
EndGlobal
