
Microsoft Visual Studio Solution File, Format Version 12.00
# Visual Studio 15
VisualStudioVersion = 15.0.28307.421
MinimumVisualStudioVersion = 10.0.40219.1
Project("{FAE04EC0-301F-11D3-BF4B-00C04F79EFBC}") = "NestedShallowCopy", "ShallowCopy\NestedShallowCopy.csproj", "{A9B5FEC2-24E4-45C7-9CFC-13622DDC04F1}"
EndProject
Project("{FAE04EC0-301F-11D3-BF4B-00C04F79EFBC}") = "NestedDeepCopy", "NestedDeepCopy\NestedDeepCopy.csproj", "{FC7A4B38-D662-44C6-BB56-7852488EF0D8}"
EndProject
Project("{FAE04EC0-301F-11D3-BF4B-00C04F79EFBC}") = "NestedShallowCopy.Tests", "NestedShallowCopy.Tests\NestedShallowCopy.Tests.csproj", "{90667BE0-849F-4881-8A1B-9AC2DFA27B90}"
EndProject
Project("{FAE04EC0-301F-11D3-BF4B-00C04F79EFBC}") = "NestedDeepCopy.Tests", "NestedDeepCopy.Tests\NestedDeepCopy.Tests.csproj", "{0B814FE9-E479-4FE8-A657-594BA1D39804}"
EndProject
Global
	GlobalSection(SolutionConfigurationPlatforms) = preSolution
		Debug|Any CPU = Debug|Any CPU
		Release|Any CPU = Release|Any CPU
	EndGlobalSection
	GlobalSection(ProjectConfigurationPlatforms) = postSolution
		{A9B5FEC2-24E4-45C7-9CFC-13622DDC04F1}.Debug|Any CPU.ActiveCfg = Debug|Any CPU
		{A9B5FEC2-24E4-45C7-9CFC-13622DDC04F1}.Debug|Any CPU.Build.0 = Debug|Any CPU
		{A9B5FEC2-24E4-45C7-9CFC-13622DDC04F1}.Release|Any CPU.ActiveCfg = Release|Any CPU
		{A9B5FEC2-24E4-45C7-9CFC-13622DDC04F1}.Release|Any CPU.Build.0 = Release|Any CPU
		{FC7A4B38-D662-44C6-BB56-7852488EF0D8}.Debug|Any CPU.ActiveCfg = Debug|Any CPU
		{FC7A4B38-D662-44C6-BB56-7852488EF0D8}.Debug|Any CPU.Build.0 = Debug|Any CPU
		{FC7A4B38-D662-44C6-BB56-7852488EF0D8}.Release|Any CPU.ActiveCfg = Release|Any CPU
		{FC7A4B38-D662-44C6-BB56-7852488EF0D8}.Release|Any CPU.Build.0 = Release|Any CPU
		{90667BE0-849F-4881-8A1B-9AC2DFA27B90}.Debug|Any CPU.ActiveCfg = Debug|Any CPU
		{90667BE0-849F-4881-8A1B-9AC2DFA27B90}.Debug|Any CPU.Build.0 = Debug|Any CPU
		{90667BE0-849F-4881-8A1B-9AC2DFA27B90}.Release|Any CPU.ActiveCfg = Release|Any CPU
		{90667BE0-849F-4881-8A1B-9AC2DFA27B90}.Release|Any CPU.Build.0 = Release|Any CPU
		{0B814FE9-E479-4FE8-A657-594BA1D39804}.Debug|Any CPU.ActiveCfg = Debug|Any CPU
		{0B814FE9-E479-4FE8-A657-594BA1D39804}.Debug|Any CPU.Build.0 = Debug|Any CPU
		{0B814FE9-E479-4FE8-A657-594BA1D39804}.Release|Any CPU.ActiveCfg = Release|Any CPU
		{0B814FE9-E479-4FE8-A657-594BA1D39804}.Release|Any CPU.Build.0 = Release|Any CPU
	EndGlobalSection
	GlobalSection(SolutionProperties) = preSolution
		HideSolutionNode = FALSE
	EndGlobalSection
	GlobalSection(ExtensibilityGlobals) = postSolution
		SolutionGuid = {98397F15-1562-42E6-B281-E2061CDDD8BD}
	EndGlobalSection
EndGlobal
