
Microsoft Visual Studio Solution File, Format Version 12.00
# Visual Studio 15
VisualStudioVersion = 15.0.26430.6
MinimumVisualStudioVersion = 10.0.40219.1
Project("{FAE04EC0-301F-11D3-BF4B-00C04F79EFBC}") = "PrototypeExample", "PrototypeExample\PrototypeExample.csproj", "{7F416303-DF09-4D6A-A51B-203229DC2FFB}"
EndProject
Global
	GlobalSection(SolutionConfigurationPlatforms) = preSolution
		Debug|Any CPU = Debug|Any CPU
		Release|Any CPU = Release|Any CPU
	EndGlobalSection
	GlobalSection(ProjectConfigurationPlatforms) = postSolution
		{7F416303-DF09-4D6A-A51B-203229DC2FFB}.Debug|Any CPU.ActiveCfg = Debug|Any CPU
		{7F416303-DF09-4D6A-A51B-203229DC2FFB}.Debug|Any CPU.Build.0 = Debug|Any CPU
		{7F416303-DF09-4D6A-A51B-203229DC2FFB}.Release|Any CPU.ActiveCfg = Release|Any CPU
		{7F416303-DF09-4D6A-A51B-203229DC2FFB}.Release|Any CPU.Build.0 = Release|Any CPU
	EndGlobalSection
	GlobalSection(SolutionProperties) = preSolution
		HideSolutionNode = FALSE
	EndGlobalSection
EndGlobal
