
Microsoft Visual Studio Solution File, Format Version 12.00
# Visual Studio 15
VisualStudioVersion = 15.0.28307.168
MinimumVisualStudioVersion = 10.0.40219.1
Project("{FAE04EC0-301F-11D3-BF4B-00C04F79EFBC}") = "WP", "WP\WP.csproj", "{959DF227-6004-4496-AFA8-77FB9EF502D5}"
EndProject
Project("{FAE04EC0-301F-11D3-BF4B-00C04F79EFBC}") = "Tests", "Tests\Tests.csproj", "{F099B9E8-CBA8-4CE2-A5A3-7B21C6DA763E}"
EndProject
Global
	GlobalSection(SolutionConfigurationPlatforms) = preSolution
		Debug|Any CPU = Debug|Any CPU
		Release|Any CPU = Release|Any CPU
	EndGlobalSection
	GlobalSection(ProjectConfigurationPlatforms) = postSolution
		{959DF227-6004-4496-AFA8-77FB9EF502D5}.Debug|Any CPU.ActiveCfg = Debug|Any CPU
		{959DF227-6004-4496-AFA8-77FB9EF502D5}.Debug|Any CPU.Build.0 = Debug|Any CPU
		{959DF227-6004-4496-AFA8-77FB9EF502D5}.Release|Any CPU.ActiveCfg = Release|Any CPU
		{959DF227-6004-4496-AFA8-77FB9EF502D5}.Release|Any CPU.Build.0 = Release|Any CPU
		{F099B9E8-CBA8-4CE2-A5A3-7B21C6DA763E}.Debug|Any CPU.ActiveCfg = Debug|Any CPU
		{F099B9E8-CBA8-4CE2-A5A3-7B21C6DA763E}.Debug|Any CPU.Build.0 = Debug|Any CPU
		{F099B9E8-CBA8-4CE2-A5A3-7B21C6DA763E}.Release|Any CPU.ActiveCfg = Release|Any CPU
		{F099B9E8-CBA8-4CE2-A5A3-7B21C6DA763E}.Release|Any CPU.Build.0 = Release|Any CPU
	EndGlobalSection
	GlobalSection(SolutionProperties) = preSolution
		HideSolutionNode = FALSE
	EndGlobalSection
	GlobalSection(ExtensibilityGlobals) = postSolution
		SolutionGuid = {E0628130-D757-4C80-9692-E7A87489FA49}
	EndGlobalSection
EndGlobal
