
Microsoft Visual Studio Solution File, Format Version 12.00
# Visual Studio Version 16
VisualStudioVersion = 16.0.29001.49
MinimumVisualStudioVersion = 10.0.40219.1
Project("{FAE04EC0-301F-11D3-BF4B-00C04F79EFBC}") = "PrototypePattern", "PrototypePattern.csproj", "{1DBE004F-4A50-4E93-B3EE-5A74C21A8D41}"
EndProject
Global
	GlobalSection(SolutionConfigurationPlatforms) = preSolution
		Debug|Any CPU = Debug|Any CPU
		Release|Any CPU = Release|Any CPU
	EndGlobalSection
	GlobalSection(ProjectConfigurationPlatforms) = postSolution
		{1DBE004F-4A50-4E93-B3EE-5A74C21A8D41}.Debug|Any CPU.ActiveCfg = Debug|Any CPU
		{1DBE004F-4A50-4E93-B3EE-5A74C21A8D41}.Debug|Any CPU.Build.0 = Debug|Any CPU
		{1DBE004F-4A50-4E93-B3EE-5A74C21A8D41}.Release|Any CPU.ActiveCfg = Release|Any CPU
		{1DBE004F-4A50-4E93-B3EE-5A74C21A8D41}.Release|Any CPU.Build.0 = Release|Any CPU
	EndGlobalSection
	GlobalSection(SolutionProperties) = preSolution
		HideSolutionNode = FALSE
	EndGlobalSection
	GlobalSection(ExtensibilityGlobals) = postSolution
		SolutionGuid = {1B87750D-231C-400B-9121-8A5AFB14BF13}
	EndGlobalSection
EndGlobal
