
Microsoft Visual Studio Solution File, Format Version 12.00
# Visual Studio 15
VisualStudioVersion = 15.0.27130.2010
MinimumVisualStudioVersion = 10.0.40219.1
Project("{FAE04EC0-301F-11D3-BF4B-00C04F79EFBC}") = "FactoryMethod", "FactoryMethod\FactoryMethod.csproj", "{A59447D4-82A5-4315-947F-AC76918DEF70}"
EndProject
Global
	GlobalSection(SolutionConfigurationPlatforms) = preSolution
		Debug|Any CPU = Debug|Any CPU
		Release|Any CPU = Release|Any CPU
	EndGlobalSection
	GlobalSection(ProjectConfigurationPlatforms) = postSolution
		{A59447D4-82A5-4315-947F-AC76918DEF70}.Debug|Any CPU.ActiveCfg = Debug|Any CPU
		{A59447D4-82A5-4315-947F-AC76918DEF70}.Debug|Any CPU.Build.0 = Debug|Any CPU
		{A59447D4-82A5-4315-947F-AC76918DEF70}.Release|Any CPU.ActiveCfg = Release|Any CPU
		{A59447D4-82A5-4315-947F-AC76918DEF70}.Release|Any CPU.Build.0 = Release|Any CPU
	EndGlobalSection
	GlobalSection(SolutionProperties) = preSolution
		HideSolutionNode = FALSE
	EndGlobalSection
	GlobalSection(ExtensibilityGlobals) = postSolution
		SolutionGuid = {865044B7-FB51-4C7E-996A-16ED66433A0A}
	EndGlobalSection
EndGlobal
