
Microsoft Visual Studio Solution File, Format Version 12.00
# Visual Studio 14
VisualStudioVersion = 14.0.25420.1
MinimumVisualStudioVersion = 10.0.40219.1
Project("{FAE04EC0-301F-11D3-BF4B-00C04F79EFBC}") = "01Simple", "01Simple.csproj", "{075B6D90-55B6-477D-B51D-1D2BFB44FE7D}"
EndProject
Project("{FAE04EC0-301F-11D3-BF4B-00C04F79EFBC}") = "02Library", "..\02Library\02Library.csproj", "{00CEA5BF-4D23-467B-BF34-2FDFF5A6A305}"
EndProject
Project("{FAE04EC0-301F-11D3-BF4B-00C04F79EFBC}") = "03Starbuzz", "..\03Starbuzz\03Starbuzz.csproj", "{289F80E8-8B44-4B73-804F-EE5A6C7DC89E}"
EndProject
Global
	GlobalSection(SolutionConfigurationPlatforms) = preSolution
		Debug|Any CPU = Debug|Any CPU
		Release|Any CPU = Release|Any CPU
	EndGlobalSection
	GlobalSection(ProjectConfigurationPlatforms) = postSolution
		{075B6D90-55B6-477D-B51D-1D2BFB44FE7D}.Debug|Any CPU.ActiveCfg = Debug|Any CPU
		{075B6D90-55B6-477D-B51D-1D2BFB44FE7D}.Debug|Any CPU.Build.0 = Debug|Any CPU
		{075B6D90-55B6-477D-B51D-1D2BFB44FE7D}.Release|Any CPU.ActiveCfg = Release|Any CPU
		{075B6D90-55B6-477D-B51D-1D2BFB44FE7D}.Release|Any CPU.Build.0 = Release|Any CPU
		{00CEA5BF-4D23-467B-BF34-2FDFF5A6A305}.Debug|Any CPU.ActiveCfg = Debug|Any CPU
		{00CEA5BF-4D23-467B-BF34-2FDFF5A6A305}.Debug|Any CPU.Build.0 = Debug|Any CPU
		{00CEA5BF-4D23-467B-BF34-2FDFF5A6A305}.Release|Any CPU.ActiveCfg = Release|Any CPU
		{00CEA5BF-4D23-467B-BF34-2FDFF5A6A305}.Release|Any CPU.Build.0 = Release|Any CPU
		{289F80E8-8B44-4B73-804F-EE5A6C7DC89E}.Debug|Any CPU.ActiveCfg = Debug|Any CPU
		{289F80E8-8B44-4B73-804F-EE5A6C7DC89E}.Debug|Any CPU.Build.0 = Debug|Any CPU
		{289F80E8-8B44-4B73-804F-EE5A6C7DC89E}.Release|Any CPU.ActiveCfg = Release|Any CPU
		{289F80E8-8B44-4B73-804F-EE5A6C7DC89E}.Release|Any CPU.Build.0 = Release|Any CPU
	EndGlobalSection
	GlobalSection(SolutionProperties) = preSolution
		HideSolutionNode = FALSE
	EndGlobalSection
EndGlobal
