
Microsoft Visual Studio Solution File, Format Version 12.00
# Visual Studio 14
VisualStudioVersion = 14.0.25420.1
MinimumVisualStudioVersion = 10.0.40219.1
Project("{FAE04EC0-301F-11D3-BF4B-00C04F79EFBC}") = "Zycie", "Zycie\Zycie.csproj", "{2188500C-EA00-4152-85EF-BC06B1B1500B}"
EndProject
Project("{FAE04EC0-301F-11D3-BF4B-00C04F79EFBC}") = "UnitTestZycie", "UnitTestZycie\UnitTestZycie.csproj", "{F9D9FFA4-B187-4B2D-830B-0ED94FA2FFFA}"
EndProject
Global
	GlobalSection(SolutionConfigurationPlatforms) = preSolution
		Debug|Any CPU = Debug|Any CPU
		Release|Any CPU = Release|Any CPU
	EndGlobalSection
	GlobalSection(ProjectConfigurationPlatforms) = postSolution
		{2188500C-EA00-4152-85EF-BC06B1B1500B}.Debug|Any CPU.ActiveCfg = Debug|Any CPU
		{2188500C-EA00-4152-85EF-BC06B1B1500B}.Debug|Any CPU.Build.0 = Debug|Any CPU
		{2188500C-EA00-4152-85EF-BC06B1B1500B}.Release|Any CPU.ActiveCfg = Release|Any CPU
		{2188500C-EA00-4152-85EF-BC06B1B1500B}.Release|Any CPU.Build.0 = Release|Any CPU
		{F9D9FFA4-B187-4B2D-830B-0ED94FA2FFFA}.Debug|Any CPU.ActiveCfg = Debug|Any CPU
		{F9D9FFA4-B187-4B2D-830B-0ED94FA2FFFA}.Debug|Any CPU.Build.0 = Debug|Any CPU
		{F9D9FFA4-B187-4B2D-830B-0ED94FA2FFFA}.Release|Any CPU.ActiveCfg = Release|Any CPU
		{F9D9FFA4-B187-4B2D-830B-0ED94FA2FFFA}.Release|Any CPU.Build.0 = Release|Any CPU
	EndGlobalSection
	GlobalSection(SolutionProperties) = preSolution
		HideSolutionNode = FALSE
	EndGlobalSection
EndGlobal
