
Microsoft Visual Studio Solution File, Format Version 12.00
# Visual Studio 15
VisualStudioVersion = 15.0.28307.168
MinimumVisualStudioVersion = 10.0.40219.1
Project("{FAE04EC0-301F-11D3-BF4B-00C04F79EFBC}") = "SolarSystem", "SolarSystem\SolarSystem.csproj", "{9DAD48AB-9EAF-4E3B-978B-4D378DBF4CDF}"
EndProject
Project("{2150E333-8FDC-42A3-9474-1A3956D46DE8}") = "Solution Items", "Solution Items", "{D840D711-5056-4073-9A75-F369E4520B33}"
	ProjectSection(SolutionItems) = preProject
		..\README.md = ..\README.md
	EndProjectSection
EndProject
Global
	GlobalSection(SolutionConfigurationPlatforms) = preSolution
		Debug|Any CPU = Debug|Any CPU
		Release|Any CPU = Release|Any CPU
	EndGlobalSection
	GlobalSection(ProjectConfigurationPlatforms) = postSolution
		{9DAD48AB-9EAF-4E3B-978B-4D378DBF4CDF}.Debug|Any CPU.ActiveCfg = Debug|Any CPU
		{9DAD48AB-9EAF-4E3B-978B-4D378DBF4CDF}.Debug|Any CPU.Build.0 = Debug|Any CPU
		{9DAD48AB-9EAF-4E3B-978B-4D378DBF4CDF}.Release|Any CPU.ActiveCfg = Release|Any CPU
		{9DAD48AB-9EAF-4E3B-978B-4D378DBF4CDF}.Release|Any CPU.Build.0 = Release|Any CPU
	EndGlobalSection
	GlobalSection(SolutionProperties) = preSolution
		HideSolutionNode = FALSE
	EndGlobalSection
	GlobalSection(ExtensibilityGlobals) = postSolution
		SolutionGuid = {864AE1BD-61A6-49F9-91F8-E53BC649746A}
	EndGlobalSection
EndGlobal
