
Microsoft Visual Studio Solution File, Format Version 12.00
# Visual Studio 14
VisualStudioVersion = 14.0.25420.1
MinimumVisualStudioVersion = 10.0.40219.1
Project("{FAE04EC0-301F-11D3-BF4B-00C04F79EFBC}") = "01Simple", "01Simple.csproj", "{81DAF5A7-191D-4ED8-AED2-022FA8B6D09E}"
EndProject
Global
	GlobalSection(SolutionConfigurationPlatforms) = preSolution
		Debug|Any CPU = Debug|Any CPU
		Release|Any CPU = Release|Any CPU
	EndGlobalSection
	GlobalSection(ProjectConfigurationPlatforms) = postSolution
		{81DAF5A7-191D-4ED8-AED2-022FA8B6D09E}.Debug|Any CPU.ActiveCfg = Debug|Any CPU
		{81DAF5A7-191D-4ED8-AED2-022FA8B6D09E}.Debug|Any CPU.Build.0 = Debug|Any CPU
		{81DAF5A7-191D-4ED8-AED2-022FA8B6D09E}.Release|Any CPU.ActiveCfg = Release|Any CPU
		{81DAF5A7-191D-4ED8-AED2-022FA8B6D09E}.Release|Any CPU.Build.0 = Release|Any CPU
	EndGlobalSection
	GlobalSection(SolutionProperties) = preSolution
		HideSolutionNode = FALSE
	EndGlobalSection
EndGlobal
