
Microsoft Visual Studio Solution File, Format Version 12.00
# Visual Studio 15
VisualStudioVersion = 15.0.28307.421
MinimumVisualStudioVersion = 10.0.40219.1
Project("{FAE04EC0-301F-11D3-BF4B-00C04F79EFBC}") = "prototyp", "prototyp\prototyp.csproj", "{C6209607-155B-45B0-9F97-262D2B5E90A2}"
EndProject
Global
	GlobalSection(SolutionConfigurationPlatforms) = preSolution
		Debug|Any CPU = Debug|Any CPU
		Release|Any CPU = Release|Any CPU
	EndGlobalSection
	GlobalSection(ProjectConfigurationPlatforms) = postSolution
		{C6209607-155B-45B0-9F97-262D2B5E90A2}.Debug|Any CPU.ActiveCfg = Debug|Any CPU
		{C6209607-155B-45B0-9F97-262D2B5E90A2}.Debug|Any CPU.Build.0 = Debug|Any CPU
		{C6209607-155B-45B0-9F97-262D2B5E90A2}.Release|Any CPU.ActiveCfg = Release|Any CPU
		{C6209607-155B-45B0-9F97-262D2B5E90A2}.Release|Any CPU.Build.0 = Release|Any CPU
	EndGlobalSection
	GlobalSection(SolutionProperties) = preSolution
		HideSolutionNode = FALSE
	EndGlobalSection
	GlobalSection(ExtensibilityGlobals) = postSolution
		SolutionGuid = {4D3C51A1-B249-4CE8-8836-CD2365AC9641}
	EndGlobalSection
EndGlobal
