
Microsoft Visual Studio Solution File, Format Version 12.00
# Visual Studio 14
VisualStudioVersion = 14.0.25420.1
MinimumVisualStudioVersion = 10.0.40219.1
Project("{FAE04EC0-301F-11D3-BF4B-00C04F79EFBC}") = "01SimpleBuilder", "01SimpleBuilder.csproj", "{6B63C481-2DAC-47DB-8FB4-3335F0A584C8}"
EndProject
Project("{FAE04EC0-301F-11D3-BF4B-00C04F79EFBC}") = "02VehicleBuilder", "..\02VehicleBuilder\02VehicleBuilder.csproj", "{A12911FD-B21B-4CF9-9BDC-CADAADF72EBB}"
EndProject
Project("{FAE04EC0-301F-11D3-BF4B-00C04F79EFBC}") = "03FluentBuilder", "..\03FluentBuilder\03FluentBuilder.csproj", "{D82CAD5A-4B81-4396-A74C-24D245F12745}"
EndProject
Global
	GlobalSection(SolutionConfigurationPlatforms) = preSolution
		Debug|Any CPU = Debug|Any CPU
		Release|Any CPU = Release|Any CPU
	EndGlobalSection
	GlobalSection(ProjectConfigurationPlatforms) = postSolution
		{6B63C481-2DAC-47DB-8FB4-3335F0A584C8}.Debug|Any CPU.ActiveCfg = Debug|Any CPU
		{6B63C481-2DAC-47DB-8FB4-3335F0A584C8}.Debug|Any CPU.Build.0 = Debug|Any CPU
		{6B63C481-2DAC-47DB-8FB4-3335F0A584C8}.Release|Any CPU.ActiveCfg = Release|Any CPU
		{6B63C481-2DAC-47DB-8FB4-3335F0A584C8}.Release|Any CPU.Build.0 = Release|Any CPU
		{A12911FD-B21B-4CF9-9BDC-CADAADF72EBB}.Debug|Any CPU.ActiveCfg = Debug|Any CPU
		{A12911FD-B21B-4CF9-9BDC-CADAADF72EBB}.Debug|Any CPU.Build.0 = Debug|Any CPU
		{A12911FD-B21B-4CF9-9BDC-CADAADF72EBB}.Release|Any CPU.ActiveCfg = Release|Any CPU
		{A12911FD-B21B-4CF9-9BDC-CADAADF72EBB}.Release|Any CPU.Build.0 = Release|Any CPU
		{D82CAD5A-4B81-4396-A74C-24D245F12745}.Debug|Any CPU.ActiveCfg = Debug|Any CPU
		{D82CAD5A-4B81-4396-A74C-24D245F12745}.Debug|Any CPU.Build.0 = Debug|Any CPU
		{D82CAD5A-4B81-4396-A74C-24D245F12745}.Release|Any CPU.ActiveCfg = Release|Any CPU
		{D82CAD5A-4B81-4396-A74C-24D245F12745}.Release|Any CPU.Build.0 = Release|Any CPU
	EndGlobalSection
	GlobalSection(SolutionProperties) = preSolution
		HideSolutionNode = FALSE
	EndGlobalSection
EndGlobal
