
Microsoft Visual Studio Solution File, Format Version 12.00
# Visual Studio 14
VisualStudioVersion = 14.0.25420.1
MinimumVisualStudioVersion = 10.0.40219.1
Project("{FAE04EC0-301F-11D3-BF4B-00C04F79EFBC}") = "01Simple", "01Simple.csproj", "{D16A627A-81E1-4290-95FA-A428E4F62A79}"
EndProject
Project("{FAE04EC0-301F-11D3-BF4B-00C04F79EFBC}") = "02Employees", "..\02Employees\02Employees.csproj", "{96A56703-AE7D-4EAA-964B-C87AD5ED5D78}"
EndProject
Global
	GlobalSection(SolutionConfigurationPlatforms) = preSolution
		Debug|Any CPU = Debug|Any CPU
		Release|Any CPU = Release|Any CPU
	EndGlobalSection
	GlobalSection(ProjectConfigurationPlatforms) = postSolution
		{D16A627A-81E1-4290-95FA-A428E4F62A79}.Debug|Any CPU.ActiveCfg = Debug|Any CPU
		{D16A627A-81E1-4290-95FA-A428E4F62A79}.Debug|Any CPU.Build.0 = Debug|Any CPU
		{D16A627A-81E1-4290-95FA-A428E4F62A79}.Release|Any CPU.ActiveCfg = Release|Any CPU
		{D16A627A-81E1-4290-95FA-A428E4F62A79}.Release|Any CPU.Build.0 = Release|Any CPU
		{96A56703-AE7D-4EAA-964B-C87AD5ED5D78}.Debug|Any CPU.ActiveCfg = Debug|Any CPU
		{96A56703-AE7D-4EAA-964B-C87AD5ED5D78}.Debug|Any CPU.Build.0 = Debug|Any CPU
		{96A56703-AE7D-4EAA-964B-C87AD5ED5D78}.Release|Any CPU.ActiveCfg = Release|Any CPU
		{96A56703-AE7D-4EAA-964B-C87AD5ED5D78}.Release|Any CPU.Build.0 = Release|Any CPU
	EndGlobalSection
	GlobalSection(SolutionProperties) = preSolution
		HideSolutionNode = FALSE
	EndGlobalSection
EndGlobal
