
Microsoft Visual Studio Solution File, Format Version 12.00
# Visual Studio 15
VisualStudioVersion = 15.0.28307.572
MinimumVisualStudioVersion = 10.0.40219.1
Project("{FAE04EC0-301F-11D3-BF4B-00C04F79EFBC}") = "Builder", "Builder\Builder.csproj", "{F6139D7E-D1E0-49C1-B861-07536E91B165}"
EndProject
Global
	GlobalSection(SolutionConfigurationPlatforms) = preSolution
		Debug|Any CPU = Debug|Any CPU
		Release|Any CPU = Release|Any CPU
	EndGlobalSection
	GlobalSection(ProjectConfigurationPlatforms) = postSolution
		{F6139D7E-D1E0-49C1-B861-07536E91B165}.Debug|Any CPU.ActiveCfg = Debug|Any CPU
		{F6139D7E-D1E0-49C1-B861-07536E91B165}.Debug|Any CPU.Build.0 = Debug|Any CPU
		{F6139D7E-D1E0-49C1-B861-07536E91B165}.Release|Any CPU.ActiveCfg = Release|Any CPU
		{F6139D7E-D1E0-49C1-B861-07536E91B165}.Release|Any CPU.Build.0 = Release|Any CPU
	EndGlobalSection
	GlobalSection(SolutionProperties) = preSolution
		HideSolutionNode = FALSE
	EndGlobalSection
	GlobalSection(ExtensibilityGlobals) = postSolution
		SolutionGuid = {B4B4AC46-ACB1-4131-8D04-14D0954D8304}
	EndGlobalSection
EndGlobal
