
Microsoft Visual Studio Solution File, Format Version 12.00
# Visual Studio 15
VisualStudioVersion = 15.0.28010.2048
MinimumVisualStudioVersion = 10.0.40219.1
Project("{FAE04EC0-301F-11D3-BF4B-00C04F79EFBC}") = "SingletonPattern", "SingletonPattern\SingletonPattern.csproj", "{9BB4322E-D729-40E0-9AB9-5FE658FB3057}"
EndProject
Project("{FAE04EC0-301F-11D3-BF4B-00C04F79EFBC}") = "SingletonPattern.Test", "SingletonPattern.Test\SingletonPattern.Test.csproj", "{B2B333C5-9083-4DF5-BB10-66DF78BA309D}"
EndProject
Global
	GlobalSection(SolutionConfigurationPlatforms) = preSolution
		Debug|Any CPU = Debug|Any CPU
		Release|Any CPU = Release|Any CPU
	EndGlobalSection
	GlobalSection(ProjectConfigurationPlatforms) = postSolution
		{9BB4322E-D729-40E0-9AB9-5FE658FB3057}.Debug|Any CPU.ActiveCfg = Debug|Any CPU
		{9BB4322E-D729-40E0-9AB9-5FE658FB3057}.Debug|Any CPU.Build.0 = Debug|Any CPU
		{9BB4322E-D729-40E0-9AB9-5FE658FB3057}.Release|Any CPU.ActiveCfg = Release|Any CPU
		{9BB4322E-D729-40E0-9AB9-5FE658FB3057}.Release|Any CPU.Build.0 = Release|Any CPU
		{B2B333C5-9083-4DF5-BB10-66DF78BA309D}.Debug|Any CPU.ActiveCfg = Debug|Any CPU
		{B2B333C5-9083-4DF5-BB10-66DF78BA309D}.Debug|Any CPU.Build.0 = Debug|Any CPU
		{B2B333C5-9083-4DF5-BB10-66DF78BA309D}.Release|Any CPU.ActiveCfg = Release|Any CPU
		{B2B333C5-9083-4DF5-BB10-66DF78BA309D}.Release|Any CPU.Build.0 = Release|Any CPU
	EndGlobalSection
	GlobalSection(SolutionProperties) = preSolution
		HideSolutionNode = FALSE
	EndGlobalSection
	GlobalSection(ExtensibilityGlobals) = postSolution
		SolutionGuid = {587554BC-8D65-4C15-9176-491D44CD612F}
	EndGlobalSection
EndGlobal
