// !$*UTF8*$!
{
	archiveVersion = 1;
	classes = {
	};
	objectVersion = 50;
	objects = {

/* Begin PBXBuildFile section */
		269509B321E940B40005843F /* Burger.swift in Sources */ = {isa = PBXBuildFile; fileRef = 269509B221E940B40005843F /* Burger.swift */; };
		269509B521E941450005843F /* BurgerFactory.swift in Sources */ = {isa = PBXBuildFile; fileRef = 269509B421E941450005843F /* BurgerFactory.swift */; };
		269509B721E9417C0005843F /* McDonaldsFactory.swift in Sources */ = {isa = PBXBuildFile; fileRef = 269509B621E9417C0005843F /* McDonaldsFactory.swift */; };
		269509B921E941E20005843F /* BurgerKingFactory.swift in Sources */ = {isa = PBXBuildFile; fileRef = 269509B821E941E20005843F /* BurgerKingFactory.swift */; };
		269509BC21E943020005843F /* BigMacBurger.swift in Sources */ = {isa = PBXBuildFile; fileRef = 269509BB21E943020005843F /* BigMacBurger.swift */; };
		269509BE21E943160005843F /* McChickenBurger.swift in Sources */ = {isa = PBXBuildFile; fileRef = 269509BD21E943160005843F /* McChickenBurger.swift */; };
		269509C021E9432F0005843F /* WhopperBurger.swift in Sources */ = {isa = PBXBuildFile; fileRef = 269509BF21E9432F0005843F /* WhopperBurger.swift */; };
		269509C221E943490005843F /* BigKingBurger.swift in Sources */ = {isa = PBXBuildFile; fileRef = 269509C121E943490005843F /* BigKingBurger.swift */; };
		269509C521E947880005843F /* MealBuilder.swift in Sources */ = {isa = PBXBuildFile; fileRef = 269509C421E947880005843F /* MealBuilder.swift */; };
		269509C721E94CF00005843F /* HomemadeMealBuilder.swift in Sources */ = {isa = PBXBuildFile; fileRef = 269509C621E94CF00005843F /* HomemadeMealBuilder.swift */; };
		269509C921E94D000005843F /* Meal.swift in Sources */ = {isa = PBXBuildFile; fileRef = 269509C821E94D000005843F /* Meal.swift */; };
		269509CB21E94F1A0005843F /* TraditionalMeal.swift in Sources */ = {isa = PBXBuildFile; fileRef = 269509CA21E94F1A0005843F /* TraditionalMeal.swift */; };
		26F994B621E7FEAA000BC0CD /* main.swift in Sources */ = {isa = PBXBuildFile; fileRef = 26F994B521E7FEAA000BC0CD /* main.swift */; };
		26F994C321E7FF09000BC0CD /* BuilderTest.swift in Sources */ = {isa = PBXBuildFile; fileRef = 26F994C221E7FF09000BC0CD /* BuilderTest.swift */; };
		26F994CB21E7FF7C000BC0CD /* XCTest.framework in Frameworks */ = {isa = PBXBuildFile; fileRef = 26F994CA21E7FF7C000BC0CD /* XCTest.framework */; };
		26F994CD21E80A5B000BC0CD /* Movie.swift in Sources */ = {isa = PBXBuildFile; fileRef = 26F994CC21E80A5B000BC0CD /* Movie.swift */; };
		26F994CF21E81068000BC0CD /* MovieBuilder.swift in Sources */ = {isa = PBXBuildFile; fileRef = 26F994CE21E81068000BC0CD /* MovieBuilder.swift */; };
		26F994D121E81693000BC0CD /* ComedyMovieBuilder.swift in Sources */ = {isa = PBXBuildFile; fileRef = 26F994D021E81693000BC0CD /* ComedyMovieBuilder.swift */; };
		26F994D321E81879000BC0CD /* CriminalMovieBuilder.swift in Sources */ = {isa = PBXBuildFile; fileRef = 26F994D221E81879000BC0CD /* CriminalMovieBuilder.swift */; };
		26F994D421E81939000BC0CD /* Movie.swift in Sources */ = {isa = PBXBuildFile; fileRef = 26F994CC21E80A5B000BC0CD /* Movie.swift */; };
		26F994D521E81939000BC0CD /* MovieBuilder.swift in Sources */ = {isa = PBXBuildFile; fileRef = 26F994CE21E81068000BC0CD /* MovieBuilder.swift */; };
		26F994D621E81939000BC0CD /* ComedyMovieBuilder.swift in Sources */ = {isa = PBXBuildFile; fileRef = 26F994D021E81693000BC0CD /* ComedyMovieBuilder.swift */; };
		26F994D721E81939000BC0CD /* CriminalMovieBuilder.swift in Sources */ = {isa = PBXBuildFile; fileRef = 26F994D221E81879000BC0CD /* CriminalMovieBuilder.swift */; };
/* End PBXBuildFile section */

/* Begin PBXCopyFilesBuildPhase section */
		26F994B021E7FEAA000BC0CD /* CopyFiles */ = {
			isa = PBXCopyFilesBuildPhase;
			buildActionMask = 2147483647;
			dstPath = /usr/share/man/man1/;
			dstSubfolderSpec = 0;
			files = (
			);
			runOnlyForDeploymentPostprocessing = 1;
		};
/* End PBXCopyFilesBuildPhase section */

/* Begin PBXFileReference section */
		269509B221E940B40005843F /* Burger.swift */ = {isa = PBXFileReference; lastKnownFileType = sourcecode.swift; path = Burger.swift; sourceTree = "<group>"; };
		269509B421E941450005843F /* BurgerFactory.swift */ = {isa = PBXFileReference; lastKnownFileType = sourcecode.swift; path = BurgerFactory.swift; sourceTree = "<group>"; };
		269509B621E9417C0005843F /* McDonaldsFactory.swift */ = {isa = PBXFileReference; lastKnownFileType = sourcecode.swift; path = McDonaldsFactory.swift; sourceTree = "<group>"; };
		269509B821E941E20005843F /* BurgerKingFactory.swift */ = {isa = PBXFileReference; lastKnownFileType = sourcecode.swift; path = BurgerKingFactory.swift; sourceTree = "<group>"; };
		269509BB21E943020005843F /* BigMacBurger.swift */ = {isa = PBXFileReference; lastKnownFileType = sourcecode.swift; path = BigMacBurger.swift; sourceTree = "<group>"; };
		269509BD21E943160005843F /* McChickenBurger.swift */ = {isa = PBXFileReference; lastKnownFileType = sourcecode.swift; path = McChickenBurger.swift; sourceTree = "<group>"; };
		269509BF21E9432F0005843F /* WhopperBurger.swift */ = {isa = PBXFileReference; lastKnownFileType = sourcecode.swift; path = WhopperBurger.swift; sourceTree = "<group>"; };
		269509C121E943490005843F /* BigKingBurger.swift */ = {isa = PBXFileReference; lastKnownFileType = sourcecode.swift; path = BigKingBurger.swift; sourceTree = "<group>"; };
		269509C421E947880005843F /* MealBuilder.swift */ = {isa = PBXFileReference; lastKnownFileType = sourcecode.swift; path = MealBuilder.swift; sourceTree = "<group>"; };
		269509C621E94CF00005843F /* HomemadeMealBuilder.swift */ = {isa = PBXFileReference; lastKnownFileType = sourcecode.swift; path = HomemadeMealBuilder.swift; sourceTree = "<group>"; };
		269509C821E94D000005843F /* Meal.swift */ = {isa = PBXFileReference; lastKnownFileType = sourcecode.swift; path = Meal.swift; sourceTree = "<group>"; };
		269509CA21E94F1A0005843F /* TraditionalMeal.swift */ = {isa = PBXFileReference; lastKnownFileType = sourcecode.swift; path = TraditionalMeal.swift; sourceTree = "<group>"; };
		26F994B221E7FEAA000BC0CD /* Builder */ = {isa = PBXFileReference; explicitFileType = "compiled.mach-o.executable"; includeInIndex = 0; path = Builder; sourceTree = BUILT_PRODUCTS_DIR; };
		26F994B521E7FEAA000BC0CD /* main.swift */ = {isa = PBXFileReference; lastKnownFileType = sourcecode.swift; path = main.swift; sourceTree = "<group>"; };
		26F994C021E7FF09000BC0CD /* BuilderTest.xctest */ = {isa = PBXFileReference; explicitFileType = wrapper.cfbundle; includeInIndex = 0; path = BuilderTest.xctest; sourceTree = BUILT_PRODUCTS_DIR; };
		26F994C221E7FF09000BC0CD /* BuilderTest.swift */ = {isa = PBXFileReference; lastKnownFileType = sourcecode.swift; path = BuilderTest.swift; sourceTree = "<group>"; };
		26F994C421E7FF09000BC0CD /* Info.plist */ = {isa = PBXFileReference; lastKnownFileType = text.plist.xml; path = Info.plist; sourceTree = "<group>"; };
		26F994CA21E7FF7C000BC0CD /* XCTest.framework */ = {isa = PBXFileReference; lastKnownFileType = wrapper.framework; name = XCTest.framework; path = Platforms/MacOSX.platform/Developer/Library/Frameworks/XCTest.framework; sourceTree = DEVELOPER_DIR; };
		26F994CC21E80A5B000BC0CD /* Movie.swift */ = {isa = PBXFileReference; lastKnownFileType = sourcecode.swift; path = Movie.swift; sourceTree = "<group>"; };
		26F994CE21E81068000BC0CD /* MovieBuilder.swift */ = {isa = PBXFileReference; lastKnownFileType = sourcecode.swift; path = MovieBuilder.swift; sourceTree = "<group>"; };
		26F994D021E81693000BC0CD /* ComedyMovieBuilder.swift */ = {isa = PBXFileReference; lastKnownFileType = sourcecode.swift; path = ComedyMovieBuilder.swift; sourceTree = "<group>"; };
		26F994D221E81879000BC0CD /* CriminalMovieBuilder.swift */ = {isa = PBXFileReference; lastKnownFileType = sourcecode.swift; path = CriminalMovieBuilder.swift; sourceTree = "<group>"; };
/* End PBXFileReference section */

/* Begin PBXFrameworksBuildPhase section */
		26F994AF21E7FEAA000BC0CD /* Frameworks */ = {
			isa = PBXFrameworksBuildPhase;
			buildActionMask = 2147483647;
			files = (
			);
			runOnlyForDeploymentPostprocessing = 0;
		};
		26F994BD21E7FF09000BC0CD /* Frameworks */ = {
			isa = PBXFrameworksBuildPhase;
			buildActionMask = 2147483647;
			files = (
				26F994CB21E7FF7C000BC0CD /* XCTest.framework in Frameworks */,
			);
			runOnlyForDeploymentPostprocessing = 0;
		};
/* End PBXFrameworksBuildPhase section */

/* Begin PBXGroup section */
		269509AA21E93CA20005843F /* FactoryVSBuilder */ = {
			isa = PBXGroup;
			children = (
				269509C321E945F10005843F /* HomeKitchen */,
				269509AD21E93E940005843F /* BurgerRestaurants */,
			);
			path = FactoryVSBuilder;
			sourceTree = "<group>";
		};
		269509AD21E93E940005843F /* BurgerRestaurants */ = {
			isa = PBXGroup;
			children = (
				269509BA21E942EA0005843F /* Burgers */,
				269509B421E941450005843F /* BurgerFactory.swift */,
				269509B621E9417C0005843F /* McDonaldsFactory.swift */,
				269509B821E941E20005843F /* BurgerKingFactory.swift */,
			);
			path = BurgerRestaurants;
			sourceTree = "<group>";
		};
		269509BA21E942EA0005843F /* Burgers */ = {
			isa = PBXGroup;
			children = (
				269509B221E940B40005843F /* Burger.swift */,
				269509BB21E943020005843F /* BigMacBurger.swift */,
				269509BD21E943160005843F /* McChickenBurger.swift */,
				269509BF21E9432F0005843F /* WhopperBurger.swift */,
				269509C121E943490005843F /* BigKingBurger.swift */,
			);
			path = Burgers;
			sourceTree = "<group>";
		};
		269509C321E945F10005843F /* HomeKitchen */ = {
			isa = PBXGroup;
			children = (
				269509C421E947880005843F /* MealBuilder.swift */,
				269509C621E94CF00005843F /* HomemadeMealBuilder.swift */,
				269509C821E94D000005843F /* Meal.swift */,
				269509CA21E94F1A0005843F /* TraditionalMeal.swift */,
			);
			path = HomeKitchen;
			sourceTree = "<group>";
		};
		26F994A921E7FEA9000BC0CD = {
			isa = PBXGroup;
			children = (
				26F994B421E7FEAA000BC0CD /* Builder */,
				26F994C121E7FF09000BC0CD /* BuilderTest */,
				26F994B321E7FEAA000BC0CD /* Products */,
				26F994C921E7FF7B000BC0CD /* Frameworks */,
			);
			sourceTree = "<group>";
		};
		26F994B321E7FEAA000BC0CD /* Products */ = {
			isa = PBXGroup;
			children = (
				26F994B221E7FEAA000BC0CD /* Builder */,
				26F994C021E7FF09000BC0CD /* BuilderTest.xctest */,
			);
			name = Products;
			sourceTree = "<group>";
		};
		26F994B421E7FEAA000BC0CD /* Builder */ = {
			isa = PBXGroup;
			children = (
				269509AA21E93CA20005843F /* FactoryVSBuilder */,
				26F994B521E7FEAA000BC0CD /* main.swift */,
				26F994CC21E80A5B000BC0CD /* Movie.swift */,
				26F994CE21E81068000BC0CD /* MovieBuilder.swift */,
				26F994D021E81693000BC0CD /* ComedyMovieBuilder.swift */,
				26F994D221E81879000BC0CD /* CriminalMovieBuilder.swift */,
			);
			path = Builder;
			sourceTree = "<group>";
		};
		26F994C121E7FF09000BC0CD /* BuilderTest */ = {
			isa = PBXGroup;
			children = (
				26F994C221E7FF09000BC0CD /* BuilderTest.swift */,
				26F994C421E7FF09000BC0CD /* Info.plist */,
			);
			path = BuilderTest;
			sourceTree = "<group>";
		};
		26F994C921E7FF7B000BC0CD /* Frameworks */ = {
			isa = PBXGroup;
			children = (
				26F994CA21E7FF7C000BC0CD /* XCTest.framework */,
			);
			name = Frameworks;
			sourceTree = "<group>";
		};
/* End PBXGroup section */

/* Begin PBXNativeTarget section */
		26F994B121E7FEAA000BC0CD /* Builder */ = {
			isa = PBXNativeTarget;
			buildConfigurationList = 26F994B921E7FEAA000BC0CD /* Build configuration list for PBXNativeTarget "Builder" */;
			buildPhases = (
				26F994AE21E7FEAA000BC0CD /* Sources */,
				26F994AF21E7FEAA000BC0CD /* Frameworks */,
				26F994B021E7FEAA000BC0CD /* CopyFiles */,
			);
			buildRules = (
			);
			dependencies = (
			);
			name = Builder;
			productName = Builder;
			productReference = 26F994B221E7FEAA000BC0CD /* Builder */;
			productType = "com.apple.product-type.tool";
		};
		26F994BF21E7FF09000BC0CD /* BuilderTest */ = {
			isa = PBXNativeTarget;
			buildConfigurationList = 26F994C721E7FF09000BC0CD /* Build configuration list for PBXNativeTarget "BuilderTest" */;
			buildPhases = (
				26F994BC21E7FF09000BC0CD /* Sources */,
				26F994BD21E7FF09000BC0CD /* Frameworks */,
				26F994BE21E7FF09000BC0CD /* Resources */,
			);
			buildRules = (
			);
			dependencies = (
			);
			name = BuilderTest;
			productName = BuilderTest;
			productReference = 26F994C021E7FF09000BC0CD /* BuilderTest.xctest */;
			productType = "com.apple.product-type.bundle.unit-test";
		};
/* End PBXNativeTarget section */

/* Begin PBXProject section */
		26F994AA21E7FEA9000BC0CD /* Project object */ = {
			isa = PBXProject;
			attributes = {
				LastSwiftUpdateCheck = 1010;
				LastUpgradeCheck = 1010;
				ORGANIZATIONNAME = "Coding Skies";
				TargetAttributes = {
					26F994B121E7FEAA000BC0CD = {
						CreatedOnToolsVersion = 10.1;
					};
					26F994BF21E7FF09000BC0CD = {
						CreatedOnToolsVersion = 10.1;
					};
				};
			};
			buildConfigurationList = 26F994AD21E7FEA9000BC0CD /* Build configuration list for PBXProject "Builder" */;
			compatibilityVersion = "Xcode 9.3";
			developmentRegion = en;
			hasScannedForEncodings = 0;
			knownRegions = (
				en,
			);
			mainGroup = 26F994A921E7FEA9000BC0CD;
			productRefGroup = 26F994B321E7FEAA000BC0CD /* Products */;
			projectDirPath = "";
			projectRoot = "";
			targets = (
				26F994B121E7FEAA000BC0CD /* Builder */,
				26F994BF21E7FF09000BC0CD /* BuilderTest */,
			);
		};
/* End PBXProject section */

/* Begin PBXResourcesBuildPhase section */
		26F994BE21E7FF09000BC0CD /* Resources */ = {
			isa = PBXResourcesBuildPhase;
			buildActionMask = 2147483647;
			files = (
			);
			runOnlyForDeploymentPostprocessing = 0;
		};
/* End PBXResourcesBuildPhase section */

/* Begin PBXSourcesBuildPhase section */
		26F994AE21E7FEAA000BC0CD /* Sources */ = {
			isa = PBXSourcesBuildPhase;
			buildActionMask = 2147483647;
			files = (
				269509C021E9432F0005843F /* WhopperBurger.swift in Sources */,
				269509B321E940B40005843F /* Burger.swift in Sources */,
				26F994CD21E80A5B000BC0CD /* Movie.swift in Sources */,
				26F994B621E7FEAA000BC0CD /* main.swift in Sources */,
				269509C921E94D000005843F /* Meal.swift in Sources */,
				269509BE21E943160005843F /* McChickenBurger.swift in Sources */,
				269509C221E943490005843F /* BigKingBurger.swift in Sources */,
				269509C521E947880005843F /* MealBuilder.swift in Sources */,
				269509B521E941450005843F /* BurgerFactory.swift in Sources */,
				26F994D321E81879000BC0CD /* CriminalMovieBuilder.swift in Sources */,
				269509BC21E943020005843F /* BigMacBurger.swift in Sources */,
				26F994CF21E81068000BC0CD /* MovieBuilder.swift in Sources */,
				269509B921E941E20005843F /* BurgerKingFactory.swift in Sources */,
				269509B721E9417C0005843F /* McDonaldsFactory.swift in Sources */,
				269509CB21E94F1A0005843F /* TraditionalMeal.swift in Sources */,
				26F994D121E81693000BC0CD /* ComedyMovieBuilder.swift in Sources */,
				269509C721E94CF00005843F /* HomemadeMealBuilder.swift in Sources */,
			);
			runOnlyForDeploymentPostprocessing = 0;
		};
		26F994BC21E7FF09000BC0CD /* Sources */ = {
			isa = PBXSourcesBuildPhase;
			buildActionMask = 2147483647;
			files = (
				26F994D421E81939000BC0CD /* Movie.swift in Sources */,
				26F994D521E81939000BC0CD /* MovieBuilder.swift in Sources */,
				26F994D621E81939000BC0CD /* ComedyMovieBuilder.swift in Sources */,
				26F994D721E81939000BC0CD /* CriminalMovieBuilder.swift in Sources */,
				26F994C321E7FF09000BC0CD /* BuilderTest.swift in Sources */,
			);
			runOnlyForDeploymentPostprocessing = 0;
		};
/* End PBXSourcesBuildPhase section */

/* Begin XCBuildConfiguration section */
		26F994B721E7FEAA000BC0CD /* Debug */ = {
			isa = XCBuildConfiguration;
			buildSettings = {
				ALWAYS_SEARCH_USER_PATHS = NO;
				CLANG_ANALYZER_NONNULL = YES;
				CLANG_ANALYZER_NUMBER_OBJECT_CONVERSION = YES_AGGRESSIVE;
				CLANG_CXX_LANGUAGE_STANDARD = "gnu++14";
				CLANG_CXX_LIBRARY = "libc++";
				CLANG_ENABLE_MODULES = YES;
				CLANG_ENABLE_OBJC_ARC = YES;
				CLANG_ENABLE_OBJC_WEAK = YES;
				CLANG_WARN_BLOCK_CAPTURE_AUTORELEASING = YES;
				CLANG_WARN_BOOL_CONVERSION = YES;
				CLANG_WARN_COMMA = YES;
				CLANG_WARN_CONSTANT_CONVERSION = YES;
				CLANG_WARN_DEPRECATED_OBJC_IMPLEMENTATIONS = YES;
				CLANG_WARN_DIRECT_OBJC_ISA_USAGE = YES_ERROR;
				CLANG_WARN_DOCUMENTATION_COMMENTS = YES;
				CLANG_WARN_EMPTY_BODY = YES;
				CLANG_WARN_ENUM_CONVERSION = YES;
				CLANG_WARN_INFINITE_RECURSION = YES;
				CLANG_WARN_INT_CONVERSION = YES;
				CLANG_WARN_NON_LITERAL_NULL_CONVERSION = YES;
				CLANG_WARN_OBJC_IMPLICIT_RETAIN_SELF = YES;
				CLANG_WARN_OBJC_LITERAL_CONVERSION = YES;
				CLANG_WARN_OBJC_ROOT_CLASS = YES_ERROR;
				CLANG_WARN_RANGE_LOOP_ANALYSIS = YES;
				CLANG_WARN_STRICT_PROTOTYPES = YES;
				CLANG_WARN_SUSPICIOUS_MOVE = YES;
				CLANG_WARN_UNGUARDED_AVAILABILITY = YES_AGGRESSIVE;
				CLANG_WARN_UNREACHABLE_CODE = YES;
				CLANG_WARN__DUPLICATE_METHOD_MATCH = YES;
				CODE_SIGN_IDENTITY = "-";
				COPY_PHASE_STRIP = NO;
				DEBUG_INFORMATION_FORMAT = dwarf;
				ENABLE_STRICT_OBJC_MSGSEND = YES;
				ENABLE_TESTABILITY = YES;
				GCC_C_LANGUAGE_STANDARD = gnu11;
				GCC_DYNAMIC_NO_PIC = NO;
				GCC_NO_COMMON_BLOCKS = YES;
				GCC_OPTIMIZATION_LEVEL = 0;
				GCC_PREPROCESSOR_DEFINITIONS = (
					"DEBUG=1",
					"$(inherited)",
				);
				GCC_WARN_64_TO_32_BIT_CONVERSION = YES;
				GCC_WARN_ABOUT_RETURN_TYPE = YES_ERROR;
				GCC_WARN_UNDECLARED_SELECTOR = YES;
				GCC_WARN_UNINITIALIZED_AUTOS = YES_AGGRESSIVE;
				GCC_WARN_UNUSED_FUNCTION = YES;
				GCC_WARN_UNUSED_VARIABLE = YES;
				MACOSX_DEPLOYMENT_TARGET = 10.14;
				MTL_ENABLE_DEBUG_INFO = INCLUDE_SOURCE;
				MTL_FAST_MATH = YES;
				ONLY_ACTIVE_ARCH = YES;
				SDKROOT = macosx;
				SWIFT_ACTIVE_COMPILATION_CONDITIONS = DEBUG;
				SWIFT_OPTIMIZATION_LEVEL = "-Onone";
			};
			name = Debug;
		};
		26F994B821E7FEAA000BC0CD /* Release */ = {
			isa = XCBuildConfiguration;
			buildSettings = {
				ALWAYS_SEARCH_USER_PATHS = NO;
				CLANG_ANALYZER_NONNULL = YES;
				CLANG_ANALYZER_NUMBER_OBJECT_CONVERSION = YES_AGGRESSIVE;
				CLANG_CXX_LANGUAGE_STANDARD = "gnu++14";
				CLANG_CXX_LIBRARY = "libc++";
				CLANG_ENABLE_MODULES = YES;
				CLANG_ENABLE_OBJC_ARC = YES;
				CLANG_ENABLE_OBJC_WEAK = YES;
				CLANG_WARN_BLOCK_CAPTURE_AUTORELEASING = YES;
				CLANG_WARN_BOOL_CONVERSION = YES;
				CLANG_WARN_COMMA = YES;
				CLANG_WARN_CONSTANT_CONVERSION = YES;
				CLANG_WARN_DEPRECATED_OBJC_IMPLEMENTATIONS = YES;
				CLANG_WARN_DIRECT_OBJC_ISA_USAGE = YES_ERROR;
				CLANG_WARN_DOCUMENTATION_COMMENTS = YES;
				CLANG_WARN_EMPTY_BODY = YES;
				CLANG_WARN_ENUM_CONVERSION = YES;
				CLANG_WARN_INFINITE_RECURSION = YES;
				CLANG_WARN_INT_CONVERSION = YES;
				CLANG_WARN_NON_LITERAL_NULL_CONVERSION = YES;
				CLANG_WARN_OBJC_IMPLICIT_RETAIN_SELF = YES;
				CLANG_WARN_OBJC_LITERAL_CONVERSION = YES;
				CLANG_WARN_OBJC_ROOT_CLASS = YES_ERROR;
				CLANG_WARN_RANGE_LOOP_ANALYSIS = YES;
				CLANG_WARN_STRICT_PROTOTYPES = YES;
				CLANG_WARN_SUSPICIOUS_MOVE = YES;
				CLANG_WARN_UNGUARDED_AVAILABILITY = YES_AGGRESSIVE;
				CLANG_WARN_UNREACHABLE_CODE = YES;
				CLANG_WARN__DUPLICATE_METHOD_MATCH = YES;
				CODE_SIGN_IDENTITY = "-";
				COPY_PHASE_STRIP = NO;
				DEBUG_INFORMATION_FORMAT = "dwarf-with-dsym";
				ENABLE_NS_ASSERTIONS = NO;
				ENABLE_STRICT_OBJC_MSGSEND = YES;
				GCC_C_LANGUAGE_STANDARD = gnu11;
				GCC_NO_COMMON_BLOCKS = YES;
				GCC_WARN_64_TO_32_BIT_CONVERSION = YES;
				GCC_WARN_ABOUT_RETURN_TYPE = YES_ERROR;
				GCC_WARN_UNDECLARED_SELECTOR = YES;
				GCC_WARN_UNINITIALIZED_AUTOS = YES_AGGRESSIVE;
				GCC_WARN_UNUSED_FUNCTION = YES;
				GCC_WARN_UNUSED_VARIABLE = YES;
				MACOSX_DEPLOYMENT_TARGET = 10.14;
				MTL_ENABLE_DEBUG_INFO = NO;
				MTL_FAST_MATH = YES;
				SDKROOT = macosx;
				SWIFT_COMPILATION_MODE = wholemodule;
				SWIFT_OPTIMIZATION_LEVEL = "-O";
			};
			name = Release;
		};
		26F994BA21E7FEAA000BC0CD /* Debug */ = {
			isa = XCBuildConfiguration;
			buildSettings = {
				CODE_SIGN_STYLE = Automatic;
				PRODUCT_NAME = "$(TARGET_NAME)";
				SWIFT_VERSION = 4.2;
			};
			name = Debug;
		};
		26F994BB21E7FEAA000BC0CD /* Release */ = {
			isa = XCBuildConfiguration;
			buildSettings = {
				CODE_SIGN_STYLE = Automatic;
				PRODUCT_NAME = "$(TARGET_NAME)";
				SWIFT_VERSION = 4.2;
			};
			name = Release;
		};
		26F994C521E7FF09000BC0CD /* Debug */ = {
			isa = XCBuildConfiguration;
			buildSettings = {
				CODE_SIGN_STYLE = Automatic;
				COMBINE_HIDPI_IMAGES = YES;
				INFOPLIST_FILE = BuilderTest/Info.plist;
				LD_RUNPATH_SEARCH_PATHS = (
					"$(inherited)",
					"@executable_path/../Frameworks",
					"@loader_path/../Frameworks",
				);
				PRODUCT_BUNDLE_IDENTIFIER = com.codingskies.wzorce.BuilderTest;
				PRODUCT_NAME = "$(TARGET_NAME)";
				SWIFT_VERSION = 4.2;
			};
			name = Debug;
		};
		26F994C621E7FF09000BC0CD /* Release */ = {
			isa = XCBuildConfiguration;
			buildSettings = {
				CODE_SIGN_STYLE = Automatic;
				COMBINE_HIDPI_IMAGES = YES;
				INFOPLIST_FILE = BuilderTest/Info.plist;
				LD_RUNPATH_SEARCH_PATHS = (
					"$(inherited)",
					"@executable_path/../Frameworks",
					"@loader_path/../Frameworks",
				);
				PRODUCT_BUNDLE_IDENTIFIER = com.codingskies.wzorce.BuilderTest;
				PRODUCT_NAME = "$(TARGET_NAME)";
				SWIFT_VERSION = 4.2;
			};
			name = Release;
		};
/* End XCBuildConfiguration section */

/* Begin XCConfigurationList section */
		26F994AD21E7FEA9000BC0CD /* Build configuration list for PBXProject "Builder" */ = {
			isa = XCConfigurationList;
			buildConfigurations = (
				26F994B721E7FEAA000BC0CD /* Debug */,
				26F994B821E7FEAA000BC0CD /* Release */,
			);
			defaultConfigurationIsVisible = 0;
			defaultConfigurationName = Release;
		};
		26F994B921E7FEAA000BC0CD /* Build configuration list for PBXNativeTarget "Builder" */ = {
			isa = XCConfigurationList;
			buildConfigurations = (
				26F994BA21E7FEAA000BC0CD /* Debug */,
				26F994BB21E7FEAA000BC0CD /* Release */,
			);
			defaultConfigurationIsVisible = 0;
			defaultConfigurationName = Release;
		};
		26F994C721E7FF09000BC0CD /* Build configuration list for PBXNativeTarget "BuilderTest" */ = {
			isa = XCConfigurationList;
			buildConfigurations = (
				26F994C521E7FF09000BC0CD /* Debug */,
				26F994C621E7FF09000BC0CD /* Release */,
			);
			defaultConfigurationIsVisible = 0;
			defaultConfigurationName = Release;
		};
/* End XCConfigurationList section */
	};
	rootObject = 26F994AA21E7FEA9000BC0CD /* Project object */;
}
