
Microsoft Visual Studio Solution File, Format Version 12.00
# Visual Studio 15
VisualStudioVersion = 15.0.28307.438
MinimumVisualStudioVersion = 10.0.40219.1
Project("{FAE04EC0-301F-11D3-BF4B-00C04F79EFBC}") = "BuilderPattern", "BuilderPattern\BuilderPattern.csproj", "{B81E27FE-D8DE-4A8F-81B8-2C239B458AD7}"
EndProject
Project("{FAE04EC0-301F-11D3-BF4B-00C04F79EFBC}") = "BuilderUnitTest", "BuilderUnitTest\BuilderUnitTest.csproj", "{0A2A4CD4-2D28-424A-9898-7BCBB8770394}"
EndProject
Global
	GlobalSection(SolutionConfigurationPlatforms) = preSolution
		Debug|Any CPU = Debug|Any CPU
		Release|Any CPU = Release|Any CPU
	EndGlobalSection
	GlobalSection(ProjectConfigurationPlatforms) = postSolution
		{B81E27FE-D8DE-4A8F-81B8-2C239B458AD7}.Debug|Any CPU.ActiveCfg = Debug|Any CPU
		{B81E27FE-D8DE-4A8F-81B8-2C239B458AD7}.Debug|Any CPU.Build.0 = Debug|Any CPU
		{B81E27FE-D8DE-4A8F-81B8-2C239B458AD7}.Release|Any CPU.ActiveCfg = Release|Any CPU
		{B81E27FE-D8DE-4A8F-81B8-2C239B458AD7}.Release|Any CPU.Build.0 = Release|Any CPU
		{0A2A4CD4-2D28-424A-9898-7BCBB8770394}.Debug|Any CPU.ActiveCfg = Debug|Any CPU
		{0A2A4CD4-2D28-424A-9898-7BCBB8770394}.Debug|Any CPU.Build.0 = Debug|Any CPU
		{0A2A4CD4-2D28-424A-9898-7BCBB8770394}.Release|Any CPU.ActiveCfg = Release|Any CPU
		{0A2A4CD4-2D28-424A-9898-7BCBB8770394}.Release|Any CPU.Build.0 = Release|Any CPU
	EndGlobalSection
	GlobalSection(SolutionProperties) = preSolution
		HideSolutionNode = FALSE
	EndGlobalSection
	GlobalSection(ExtensibilityGlobals) = postSolution
		SolutionGuid = {211D94B0-CB3D-4A59-AE38-AA766A3B6058}
	EndGlobalSection
EndGlobal
